{
  "lockfileVersion": 1,
  "workspaces": {
    "": {
      "name": "app",
      "dependencies": {
        "@rails/request.js": "^0.0.12",
        "bun": "^1.2.16",
      },
      "devDependencies": {
        "@types/bun": "^1.2.16",
        "@typescript/native-preview": "^7.0.0-dev.20250615.1",
      },
      "peerDependencies": {
        "@biomejs/biome": "^1.9.4",
        "@types/bun": "^1.2.13",
        "dotenv": "^16.5.0",
        "typescript": "^5.8.3",
      },
    },
  },
  "packages": {
    "@biomejs/biome": ["@biomejs/biome@1.9.4", "", { "optionalDependencies": { "@biomejs/cli-darwin-arm64": "1.9.4", "@biomejs/cli-darwin-x64": "1.9.4", "@biomejs/cli-linux-arm64": "1.9.4", "@biomejs/cli-linux-arm64-musl": "1.9.4", "@biomejs/cli-linux-x64": "1.9.4", "@biomejs/cli-linux-x64-musl": "1.9.4", "@biomejs/cli-win32-arm64": "1.9.4", "@biomejs/cli-win32-x64": "1.9.4" }, "bin": { "biome": "bin/biome" } }, "sha512-1rkd7G70+o9KkTn5KLmDYXihGoTaIGO9PIIN2ZB7UJxFrWw04CZHPYiMRjYsaDvVV7hP1dYNRLxSANLaBFGpog=="],

    "@biomejs/cli-darwin-arm64": ["@biomejs/cli-darwin-arm64@1.9.4", "", { "os": "darwin", "cpu": "arm64" }, "sha512-bFBsPWrNvkdKrNCYeAp+xo2HecOGPAy9WyNyB/jKnnedgzl4W4Hb9ZMzYNbf8dMCGmUdSavlYHiR01QaYR58cw=="],

    "@biomejs/cli-darwin-x64": ["@biomejs/cli-darwin-x64@1.9.4", "", { "os": "darwin", "cpu": "x64" }, "sha512-ngYBh/+bEedqkSevPVhLP4QfVPCpb+4BBe2p7Xs32dBgs7rh9nY2AIYUL6BgLw1JVXV8GlpKmb/hNiuIxfPfZg=="],

    "@biomejs/cli-linux-arm64": ["@biomejs/cli-linux-arm64@1.9.4", "", { "os": "linux", "cpu": "arm64" }, "sha512-fJIW0+LYujdjUgJJuwesP4EjIBl/N/TcOX3IvIHJQNsAqvV2CHIogsmA94BPG6jZATS4Hi+xv4SkBBQSt1N4/g=="],

    "@biomejs/cli-linux-arm64-musl": ["@biomejs/cli-linux-arm64-musl@1.9.4", "", { "os": "linux", "cpu": "arm64" }, "sha512-v665Ct9WCRjGa8+kTr0CzApU0+XXtRgwmzIf1SeKSGAv+2scAlW6JR5PMFo6FzqqZ64Po79cKODKf3/AAmECqA=="],

    "@biomejs/cli-linux-x64": ["@biomejs/cli-linux-x64@1.9.4", "", { "os": "linux", "cpu": "x64" }, "sha512-lRCJv/Vi3Vlwmbd6K+oQ0KhLHMAysN8lXoCI7XeHlxaajk06u7G+UsFSO01NAs5iYuWKmVZjmiOzJ0OJmGsMwg=="],

    "@biomejs/cli-linux-x64-musl": ["@biomejs/cli-linux-x64-musl@1.9.4", "", { "os": "linux", "cpu": "x64" }, "sha512-gEhi/jSBhZ2m6wjV530Yy8+fNqG8PAinM3oV7CyO+6c3CEh16Eizm21uHVsyVBEB6RIM8JHIl6AGYCv6Q6Q9Tg=="],

    "@biomejs/cli-win32-arm64": ["@biomejs/cli-win32-arm64@1.9.4", "", { "os": "win32", "cpu": "arm64" }, "sha512-tlbhLk+WXZmgwoIKwHIHEBZUwxml7bRJgk0X2sPyNR3S93cdRq6XulAZRQJ17FYGGzWne0fgrXBKpl7l4M87Hg=="],

    "@biomejs/cli-win32-x64": ["@biomejs/cli-win32-x64@1.9.4", "", { "os": "win32", "cpu": "x64" }, "sha512-8Y5wMhVIPaWe6jw2H+KlEm4wP/f7EW3810ZLmDlrEEy5KvBsb9ECEfu/kMWD484ijfQ8+nIi0giMgu9g1UAuuA=="],

    "@oven/bun-darwin-aarch64": ["@oven/bun-darwin-aarch64@1.2.16", "", { "os": "darwin", "cpu": "arm64" }, "sha512-NLVU9YDORq/3WuJOE5TQv5of3R99n56gYZPfdqP4U0/5nllbC8yzRxA2BWwAS2RxxD0Y3bxqEVUsIGiTNN2jxg=="],

    "@oven/bun-darwin-x64": ["@oven/bun-darwin-x64@1.2.16", "", { "os": "darwin", "cpu": "x64" }, "sha512-HpcSVCTH9n+9bG2zu3OUJ9h22m6HzNgZpqib9r4NEVZg7Z2U86bOUMKlTCA0ZANaWsK9czl2VIhMWbLF4fgvLA=="],

    "@oven/bun-darwin-x64-baseline": ["@oven/bun-darwin-x64-baseline@1.2.16", "", { "os": "darwin", "cpu": "x64" }, "sha512-FtKr6FwLN+QfrF0/vJtOwBMU72krmrHlxhRSElbKEOWox2n2vWSZ/sNNkHePEsrxGfqaHC5GhEZk2lnaZTavBQ=="],

    "@oven/bun-linux-aarch64": ["@oven/bun-linux-aarch64@1.2.16", "", { "os": "linux", "cpu": "arm64" }, "sha512-nd0eZhihfgrDtfI/NdEqOAQ8KY87SWNQLZKjRB8WoYkqcY1BGwtZqvJOc2bEn2oERJ8K2etJRynXz+MKngiYxw=="],

    "@oven/bun-linux-aarch64-musl": ["@oven/bun-linux-aarch64-musl@1.2.16", "", { "os": "linux", "cpu": "none" }, "sha512-MhvQ0hecunZnbac9cEOqA1CGk/ISDhhnF35i9l90Jgc/osfgGndViLkMp3wk1EO5UG4/Kbil1OlfLmyOHKq0SQ=="],

    "@oven/bun-linux-x64": ["@oven/bun-linux-x64@1.2.16", "", { "os": "linux", "cpu": "x64" }, "sha512-qYUXPXbT4S+MImv51+dLBHKFYy40QIowwCRtzUFGf3TG+9MQQUXHNXryMNSdHveHqecd9rO1EIQ8hroAPBl+Sg=="],

    "@oven/bun-linux-x64-baseline": ["@oven/bun-linux-x64-baseline@1.2.16", "", { "os": "linux", "cpu": "x64" }, "sha512-ZysDeqDfUAqKrQu2R+ddRgSCY30qSnn0LQLr6fAm7Pw9lU2yhWVNa8R3DavddmZQc1vUw6j3ITIAE+DDT9OBCg=="],

    "@oven/bun-linux-x64-musl": ["@oven/bun-linux-x64-musl@1.2.16", "", { "os": "linux", "cpu": "x64" }, "sha512-6o5Oi5ARKYErF6nIBrewxtl20PGhM97faPemJ+v26D47dRNAlUWN5lMVuOqZOhYjqzOe4V+NpxIFBHtXWEmoNQ=="],

    "@oven/bun-linux-x64-musl-baseline": ["@oven/bun-linux-x64-musl-baseline@1.2.16", "", { "os": "linux", "cpu": "x64" }, "sha512-cWwny3cxYkvV9fYnSDb2brXodWV7IcG+Bwd3q3b8OUYbeC3ekHN3zm+TYdSxIVhMm7z46CkiDz5QnnQWVVfZ5A=="],

    "@oven/bun-windows-x64": ["@oven/bun-windows-x64@1.2.16", "", { "os": "win32", "cpu": "x64" }, "sha512-1xUlHHbMZ3DMZlEcppBAQ5vQDgNHDMIGB/AXO+dxQJl/3GiO/Ek4pMDzcqMnlbGDaDcTmTXyZ6cEXEF4C2qygQ=="],

    "@oven/bun-windows-x64-baseline": ["@oven/bun-windows-x64-baseline@1.2.16", "", { "os": "win32", "cpu": "x64" }, "sha512-tHdtHqH6c5ScNusLWOzZCTeuV2rSc3mvlLQQ+DYefTy+XwtjXmY47MbBSgNuBWVYePIob9BqDFOtTHYIWRZTww=="],

    "@rails/request.js": ["@rails/request.js@0.0.12", "", {}, "sha512-g3//JBja1s04Zflj7IoMLQuXza9i4ZvtLmm0r0dMwh1QQUs6rL2iKUOGGyERfLsd81SnXC5ucfVV//rtsDlEEA=="],

    "@types/bun": ["@types/bun@1.2.16", "", { "dependencies": { "bun-types": "1.2.16" } }, "sha512-1aCZJ/6nSiViw339RsaNhkNoEloLaPzZhxMOYEa7OzRzO41IGg5n/7I43/ZIAW/c+Q6cT12Vf7fOZOoVIzb5BQ=="],

    "@types/node": ["@types/node@22.15.18", "", { "dependencies": { "undici-types": "~6.21.0" } }, "sha512-v1DKRfUdyW+jJhZNEI1PYy29S2YRxMV5AOO/x/SjKmW0acCIOqmbj6Haf9eHAhsPmrhlHSxEhv/1WszcLWV4cg=="],

    "@typescript/native-preview": ["@typescript/native-preview@7.0.0-dev.20250616.1", "", { "optionalDependencies": { "@typescript/native-preview-darwin-arm64": "7.0.0-dev.20250616.1", "@typescript/native-preview-darwin-x64": "7.0.0-dev.20250616.1", "@typescript/native-preview-linux-arm": "7.0.0-dev.20250616.1", "@typescript/native-preview-linux-arm64": "7.0.0-dev.20250616.1", "@typescript/native-preview-linux-x64": "7.0.0-dev.20250616.1", "@typescript/native-preview-win32-arm64": "7.0.0-dev.20250616.1", "@typescript/native-preview-win32-x64": "7.0.0-dev.20250616.1" }, "bin": { "tsgo": "bin/tsgo.js" } }, "sha512-KDPNgIKZIt1x8H+Mb/JgRvr2vZZTE3nzuJH8DO9WOjdXo7/RhoIUgVhb1TjQc0co7k8i/TxZxV+xGE2CUMJaXg=="],

    "@typescript/native-preview-darwin-arm64": ["@typescript/native-preview-darwin-arm64@7.0.0-dev.20250616.1", "", { "os": "darwin", "cpu": "arm64" }, "sha512-haYnxxPID2L5Daw1c1FY0aW0TRbX4K45cAV4w7VbIZLc1nhUrXfeCJBFsqB15r6SrFZ2/4TVjUpZFaMumNgH5g=="],

    "@typescript/native-preview-darwin-x64": ["@typescript/native-preview-darwin-x64@7.0.0-dev.20250616.1", "", { "os": "darwin", "cpu": "x64" }, "sha512-cQD2ip5JIsGukZASKsBldIA5O6Iy+4lw5BhDWWy/0rTa/zcjieTb2ayJjIeBP/m2D28730Xj7c3QppJhH32M8A=="],

    "@typescript/native-preview-linux-arm": ["@typescript/native-preview-linux-arm@7.0.0-dev.20250616.1", "", { "os": "linux", "cpu": "arm" }, "sha512-CPhcknNWX+dEBGodtARHghueHfJIa/gnYMCgS3QuP9ZvgDZrDu94H3jvCrLRP3JlFb2SHE3qDWIO7GPLoaNm5A=="],

    "@typescript/native-preview-linux-arm64": ["@typescript/native-preview-linux-arm64@7.0.0-dev.20250616.1", "", { "os": "linux", "cpu": "arm64" }, "sha512-LCi5DGPEzEycYqmUkmGjKmpXCddLG0WZHkTtkrOlYiXi6fBDzKDTKQfWE1r849u+rqhvfZaUrCg1r5WLaKAcyQ=="],

    "@typescript/native-preview-linux-x64": ["@typescript/native-preview-linux-x64@7.0.0-dev.20250616.1", "", { "os": "linux", "cpu": "x64" }, "sha512-iLltoD9SvMoFYcISGWedzg3l5fBv2EY7kpbdUzvIHCTNufOJBwW0AX3V+bRlqEPUfO3ZgBuWLkkJzYjpcsfQrQ=="],

    "@typescript/native-preview-win32-arm64": ["@typescript/native-preview-win32-arm64@7.0.0-dev.20250616.1", "", { "os": "win32", "cpu": "arm64" }, "sha512-y7SCT5LrYx5JfAOUZJFKcaARcVBnrzVhwD+Ems70OTEAqqccB6onXuDL+huFV7EW/KhcoqXt2xL/NdInb4UaYg=="],

    "@typescript/native-preview-win32-x64": ["@typescript/native-preview-win32-x64@7.0.0-dev.20250616.1", "", { "os": "win32", "cpu": "x64" }, "sha512-JGYU0OVZPNRdOO0BmIO8CX/SCZLc24cWspIMfWCDJ0+UR5wPpSw3Om6dfCNs2viZuQW8gr4EwNqPoW4YVrCzrQ=="],

    "bun": ["bun@1.2.16", "", { "optionalDependencies": { "@oven/bun-darwin-aarch64": "1.2.16", "@oven/bun-darwin-x64": "1.2.16", "@oven/bun-darwin-x64-baseline": "1.2.16", "@oven/bun-linux-aarch64": "1.2.16", "@oven/bun-linux-aarch64-musl": "1.2.16", "@oven/bun-linux-x64": "1.2.16", "@oven/bun-linux-x64-baseline": "1.2.16", "@oven/bun-linux-x64-musl": "1.2.16", "@oven/bun-linux-x64-musl-baseline": "1.2.16", "@oven/bun-windows-x64": "1.2.16", "@oven/bun-windows-x64-baseline": "1.2.16" }, "os": [ "linux", "win32", "darwin", ], "cpu": [ "x64", "arm64", ], "bin": { "bun": "bin/bun.exe", "bunx": "bin/bun.exe" } }, "sha512-sjZH6rr1P6yu44+XPA8r+ZojwmK9Kbz9lO6KAA/4HRIupdpC31k7b93crLBm19wEYmd6f2+3+57/7tbOcmHbGg=="],

    "bun-types": ["bun-types@1.2.16", "", { "dependencies": { "@types/node": "*" } }, "sha512-ciXLrHV4PXax9vHvUrkvun9VPVGOVwbbbBF/Ev1cXz12lyEZMoJpIJABOfPcN9gDJRaiKF9MVbSygLg4NXu3/A=="],

    "dotenv": ["dotenv@16.5.0", "", {}, "sha512-m/C+AwOAr9/W1UOIZUo232ejMNnJAJtYQjUbHoNTBNTJSvqzzDh7vnrei3o3r3m9blf6ZoDkvcw0VmozNRFJxg=="],

    "typescript": ["typescript@5.8.3", "", { "bin": { "tsc": "bin/tsc", "tsserver": "bin/tsserver" } }, "sha512-p1diW6TqL9L07nNxvRMM7hMMw4c5XOo/1ibL4aAIGmSAt9slTE1Xgw5KWuof2uTOvCg9BY7ZRi+GaF+7sfgPeQ=="],

    "undici-types": ["undici-types@6.21.0", "", {}, "sha512-iwDZqg0QAGrg9Rav5H4n0M64c3mkR59cJ6wQp+7C4nI0gsmExaedaYLNO44eT4AtBBwjbTiGPMlt2Md0T9H9JQ=="],
  }
}
