{
  "lockfileVersion": 1,
  "workspaces": {
    "": {
      "name": "app",
      "dependencies": {
        "@rails/request.js": "^0.0.12",
      },
      "devDependencies": {
        "@types/bun": "^1.2.14",
        "@typescript/native-preview": "^7.0.0-dev.20250525.1",
      },
      "peerDependencies": {
        "@biomejs/biome": "^1.9.4",
        "@types/bun": "^1.2.13",
        "dotenv": "^16.5.0",
        "typescript": "^5.8.3",
      },
    },
  },
  "packages": {
    "@biomejs/biome": ["@biomejs/biome@1.9.4", "", { "optionalDependencies": { "@biomejs/cli-darwin-arm64": "1.9.4", "@biomejs/cli-darwin-x64": "1.9.4", "@biomejs/cli-linux-arm64": "1.9.4", "@biomejs/cli-linux-arm64-musl": "1.9.4", "@biomejs/cli-linux-x64": "1.9.4", "@biomejs/cli-linux-x64-musl": "1.9.4", "@biomejs/cli-win32-arm64": "1.9.4", "@biomejs/cli-win32-x64": "1.9.4" }, "bin": { "biome": "bin/biome" } }, "sha512-1rkd7G70+o9KkTn5KLmDYXihGoTaIGO9PIIN2ZB7UJxFrWw04CZHPYiMRjYsaDvVV7hP1dYNRLxSANLaBFGpog=="],

    "@biomejs/cli-darwin-arm64": ["@biomejs/cli-darwin-arm64@1.9.4", "", { "os": "darwin", "cpu": "arm64" }, "sha512-bFBsPWrNvkdKrNCYeAp+xo2HecOGPAy9WyNyB/jKnnedgzl4W4Hb9ZMzYNbf8dMCGmUdSavlYHiR01QaYR58cw=="],

    "@biomejs/cli-darwin-x64": ["@biomejs/cli-darwin-x64@1.9.4", "", { "os": "darwin", "cpu": "x64" }, "sha512-ngYBh/+bEedqkSevPVhLP4QfVPCpb+4BBe2p7Xs32dBgs7rh9nY2AIYUL6BgLw1JVXV8GlpKmb/hNiuIxfPfZg=="],

    "@biomejs/cli-linux-arm64": ["@biomejs/cli-linux-arm64@1.9.4", "", { "os": "linux", "cpu": "arm64" }, "sha512-fJIW0+LYujdjUgJJuwesP4EjIBl/N/TcOX3IvIHJQNsAqvV2CHIogsmA94BPG6jZATS4Hi+xv4SkBBQSt1N4/g=="],

    "@biomejs/cli-linux-arm64-musl": ["@biomejs/cli-linux-arm64-musl@1.9.4", "", { "os": "linux", "cpu": "arm64" }, "sha512-v665Ct9WCRjGa8+kTr0CzApU0+XXtRgwmzIf1SeKSGAv+2scAlW6JR5PMFo6FzqqZ64Po79cKODKf3/AAmECqA=="],

    "@biomejs/cli-linux-x64": ["@biomejs/cli-linux-x64@1.9.4", "", { "os": "linux", "cpu": "x64" }, "sha512-lRCJv/Vi3Vlwmbd6K+oQ0KhLHMAysN8lXoCI7XeHlxaajk06u7G+UsFSO01NAs5iYuWKmVZjmiOzJ0OJmGsMwg=="],

    "@biomejs/cli-linux-x64-musl": ["@biomejs/cli-linux-x64-musl@1.9.4", "", { "os": "linux", "cpu": "x64" }, "sha512-gEhi/jSBhZ2m6wjV530Yy8+fNqG8PAinM3oV7CyO+6c3CEh16Eizm21uHVsyVBEB6RIM8JHIl6AGYCv6Q6Q9Tg=="],

    "@biomejs/cli-win32-arm64": ["@biomejs/cli-win32-arm64@1.9.4", "", { "os": "win32", "cpu": "arm64" }, "sha512-tlbhLk+WXZmgwoIKwHIHEBZUwxml7bRJgk0X2sPyNR3S93cdRq6XulAZRQJ17FYGGzWne0fgrXBKpl7l4M87Hg=="],

    "@biomejs/cli-win32-x64": ["@biomejs/cli-win32-x64@1.9.4", "", { "os": "win32", "cpu": "x64" }, "sha512-8Y5wMhVIPaWe6jw2H+KlEm4wP/f7EW3810ZLmDlrEEy5KvBsb9ECEfu/kMWD484ijfQ8+nIi0giMgu9g1UAuuA=="],

    "@rails/request.js": ["@rails/request.js@0.0.12", "", {}, "sha512-g3//JBja1s04Zflj7IoMLQuXza9i4ZvtLmm0r0dMwh1QQUs6rL2iKUOGGyERfLsd81SnXC5ucfVV//rtsDlEEA=="],

    "@types/bun": ["@types/bun@1.2.14", "", { "dependencies": { "bun-types": "1.2.14" } }, "sha512-VsFZKs8oKHzI7zwvECiAJ5oSorWndIWEVhfbYqZd4HI/45kzW7PN2Rr5biAzvGvRuNmYLSANY+H59ubHq8xw7Q=="],

    "@types/node": ["@types/node@22.15.18", "", { "dependencies": { "undici-types": "~6.21.0" } }, "sha512-v1DKRfUdyW+jJhZNEI1PYy29S2YRxMV5AOO/x/SjKmW0acCIOqmbj6Haf9eHAhsPmrhlHSxEhv/1WszcLWV4cg=="],

    "@typescript/native-preview": ["@typescript/native-preview@7.0.0-dev.20250525.1", "", { "optionalDependencies": { "@typescript/native-preview-darwin-arm64": "7.0.0-dev.20250525.1", "@typescript/native-preview-darwin-x64": "7.0.0-dev.20250525.1", "@typescript/native-preview-linux-arm": "7.0.0-dev.20250525.1", "@typescript/native-preview-linux-arm64": "7.0.0-dev.20250525.1", "@typescript/native-preview-linux-x64": "7.0.0-dev.20250525.1", "@typescript/native-preview-win32-arm64": "7.0.0-dev.20250525.1", "@typescript/native-preview-win32-x64": "7.0.0-dev.20250525.1" }, "bin": { "tsgo": "bin/tsgo.js" } }, "sha512-8rcNG2CkBwRc/5zDkbHgGZTYT2oHu4E9r3Ed3JnWrCb0Vf9jSK8bd7lpbTAOIza790Zn6FOiYI9T7SmcTVzxDQ=="],

    "@typescript/native-preview-darwin-arm64": ["@typescript/native-preview-darwin-arm64@7.0.0-dev.20250525.1", "", { "os": "darwin", "cpu": "arm64" }, "sha512-XyxwSahQ+9cqMYuvfeZ4niJpRTHUgCMhqN9eaXzMK193mXp7GAlJ4UnZm0NPF538mIXi9PTSAPwmbMYiDMyN1g=="],

    "@typescript/native-preview-darwin-x64": ["@typescript/native-preview-darwin-x64@7.0.0-dev.20250525.1", "", { "os": "darwin", "cpu": "x64" }, "sha512-9qnW/SX2BHzIT7BO5ubdl69FGVA6C6x1c5akLYtlMAjg6ybKBIc2bmoVWd2eSR+B0382AoG4tziLRtDQhcfe+Q=="],

    "@typescript/native-preview-linux-arm": ["@typescript/native-preview-linux-arm@7.0.0-dev.20250525.1", "", { "os": "linux", "cpu": "arm" }, "sha512-yi/8tRc3E2Y+RdV/KOVsJOsrz9eN9YYCFgf90tG3nlo+8UlA7oJvXQ2ealeadUX3kHU3uALWU4qnfNC6oTy2sg=="],

    "@typescript/native-preview-linux-arm64": ["@typescript/native-preview-linux-arm64@7.0.0-dev.20250525.1", "", { "os": "linux", "cpu": "arm64" }, "sha512-cLYmhcr3rrzVONUKLJkaMaWQCplmprBdpiiiQR8r+sp7nIFv6bCtYgE/p23bPgI5+FRixmCvP3XglDwU+ZRGBA=="],

    "@typescript/native-preview-linux-x64": ["@typescript/native-preview-linux-x64@7.0.0-dev.20250525.1", "", { "os": "linux", "cpu": "x64" }, "sha512-oCr24rfRoppLS1MwGXhXZN1JMwCWfkKdJdzhSY8XJ10TTVLGhhjYaWgD51SlIJNfWH9i+e1/9x2ULIjb3/MrLA=="],

    "@typescript/native-preview-win32-arm64": ["@typescript/native-preview-win32-arm64@7.0.0-dev.20250525.1", "", { "os": "win32", "cpu": "arm64" }, "sha512-xqS00+QZz1oEq7e9EIqs6dnmV4oE24/xRyXqY9b2FLPIXJJNHFKyT8/iLbtrSeOUFOBabpZuVMGGVhi0onTXoA=="],

    "@typescript/native-preview-win32-x64": ["@typescript/native-preview-win32-x64@7.0.0-dev.20250525.1", "", { "os": "win32", "cpu": "x64" }, "sha512-tHPIhwhQ3c+J5ENJgfwsEDpMuuID2GPvhYH4Zcy1I2oGJ15DIb53Sqc1dRw+syV3j4/TnQDNDOuUWjJAQvi/aA=="],

    "bun-types": ["bun-types@1.2.14", "", { "dependencies": { "@types/node": "*" } }, "sha512-Kuh4Ub28ucMRWeiUUWMHsT9Wcbr4H3kLIO72RZZElSDxSu7vpetRvxIUDUaW6QtaIeixIpm7OXtNnZPf82EzwA=="],

    "dotenv": ["dotenv@16.5.0", "", {}, "sha512-m/C+AwOAr9/W1UOIZUo232ejMNnJAJtYQjUbHoNTBNTJSvqzzDh7vnrei3o3r3m9blf6ZoDkvcw0VmozNRFJxg=="],

    "typescript": ["typescript@5.8.3", "", { "bin": { "tsc": "bin/tsc", "tsserver": "bin/tsserver" } }, "sha512-p1diW6TqL9L07nNxvRMM7hMMw4c5XOo/1ibL4aAIGmSAt9slTE1Xgw5KWuof2uTOvCg9BY7ZRi+GaF+7sfgPeQ=="],

    "undici-types": ["undici-types@6.21.0", "", {}, "sha512-iwDZqg0QAGrg9Rav5H4n0M64c3mkR59cJ6wQp+7C4nI0gsmExaedaYLNO44eT4AtBBwjbTiGPMlt2Md0T9H9JQ=="],
  }
}
