{
  "lockfileVersion": 1,
  "workspaces": {
    "": {
      "name": "app",
      "dependencies": {
        "@rails/request.js": "^0.0.12",
        "@types/react": "^19.1.8",
        "bun": "^1.2.17",
        "hono": "^4.8.3",
        "react": "^19.1.0",
        "react-dom": "^19.1.0",
      },
      "devDependencies": {
        "@biomejs/biome": "^2.0.5",
        "@types/bun": "^1.2.17",
        "@types/bun": "^1.2.13",
        "@typescript/native-preview": "^7.0.0-dev.20250625.1",
      },
      "peerDependencies": {
        "dotenv": "^16.5.0",
        "typescript": "^5.8.3",
      },
    },
  },
  "packages": {
    "@biomejs/biome": ["@biomejs/biome@2.0.5", "", { "optionalDependencies": { "@biomejs/cli-darwin-arm64": "2.0.5", "@biomejs/cli-darwin-x64": "2.0.5", "@biomejs/cli-linux-arm64": "2.0.5", "@biomejs/cli-linux-arm64-musl": "2.0.5", "@biomejs/cli-linux-x64": "2.0.5", "@biomejs/cli-linux-x64-musl": "2.0.5", "@biomejs/cli-win32-arm64": "2.0.5", "@biomejs/cli-win32-x64": "2.0.5" }, "bin": { "biome": "bin/biome" } }, "sha512-MztFGhE6cVjf3QmomWu83GpTFyWY8KIcskgRf2AqVEMSH4qI4rNdBLdpAQ11TNK9pUfLGz3IIOC1ZYwgBePtig=="],

    "@biomejs/cli-darwin-arm64": ["@biomejs/cli-darwin-arm64@2.0.5", "", { "os": "darwin", "cpu": "arm64" }, "sha512-VIIWQv9Rcj9XresjCf3isBFfWjFStsdGZvm8SmwJzKs/22YQj167ge7DkxuaaZbNf2kmYif0AcjAKvtNedEoEw=="],

    "@biomejs/cli-darwin-x64": ["@biomejs/cli-darwin-x64@2.0.5", "", { "os": "darwin", "cpu": "x64" }, "sha512-DRpGxBgf5Z7HUFcNUB6n66UiD4VlBlMpngNf32wPraxX8vYU6N9cb3xQWOXIQVBBQ64QfsSLJnjNu79i/LNmSg=="],

    "@biomejs/cli-linux-arm64": ["@biomejs/cli-linux-arm64@2.0.5", "", { "os": "linux", "cpu": "arm64" }, "sha512-FQTfDNMXOknf8+g9Eede2daaduRjTC2SNbfWPNFMadN9K3UKjeZ62jwiYxztPaz9zQQsZU8VbddQIaeQY5CmIA=="],

    "@biomejs/cli-linux-arm64-musl": ["@biomejs/cli-linux-arm64-musl@2.0.5", "", { "os": "linux", "cpu": "arm64" }, "sha512-OpflTCOw/ElEs7QZqN/HFaSViPHjAsAPxFJ22LhWUWvuJgcy/Z8+hRV0/3mk/ZRWy5A6fCDKHZqAxU+xB6W4mA=="],

    "@biomejs/cli-linux-x64": ["@biomejs/cli-linux-x64@2.0.5", "", { "os": "linux", "cpu": "x64" }, "sha512-znpfydUDPuDkyBTulnODrQVK2FaG/4hIOPcQSsF2GeauQOYrBAOplj0etGB0NUrr0dFsvaQ15nzDXYb60ACoiw=="],

    "@biomejs/cli-linux-x64-musl": ["@biomejs/cli-linux-x64-musl@2.0.5", "", { "os": "linux", "cpu": "x64" }, "sha512-9lmjCnajAzpZXbav2P6D87ugkhnaDpJtDvOH5uQbY2RXeW6Rq18uOUltxgacGBP+d8GusTr+s3IFOu7SN0Ok8g=="],

    "@biomejs/cli-win32-arm64": ["@biomejs/cli-win32-arm64@2.0.5", "", { "os": "win32", "cpu": "arm64" }, "sha512-CP2wKQB+gh8HdJTFKYRFETqReAjxlcN9AlYDEoye8v2eQp+L9v+PUeDql/wsbaUhSsLR0sjj3PtbBtt+02AN3A=="],

    "@biomejs/cli-win32-x64": ["@biomejs/cli-win32-x64@2.0.5", "", { "os": "win32", "cpu": "x64" }, "sha512-Sw3rz2m6bBADeQpr3+MD7Ch4E1l15DTt/+dfqKnwkm3cn4BrYwnArmvKeZdVsFRDjMyjlKIP88bw1r7o+9aqzw=="],

    "@oven/bun-darwin-aarch64": ["@oven/bun-darwin-aarch64@1.2.17", "", { "os": "darwin", "cpu": "arm64" }, "sha512-66Xjz3NZXUUWKZJPvWKuwEkaqMZpir1Gm4SbhbB2iiRSSTW8jqwdkSb9RhgTCDt5OnSPd3+Cq0WsP/T5ExJbhA=="],

    "@oven/bun-darwin-x64": ["@oven/bun-darwin-x64@1.2.17", "", { "os": "darwin", "cpu": "x64" }, "sha512-OMJMHpcpBlWcVnWfSQ6x+8fF7HpkQLqBfoIvzxgUjIZZvj2d8K46XX4N/h62RglDEinRC9VDGxt24vwvlk5tTw=="],

    "@oven/bun-darwin-x64-baseline": ["@oven/bun-darwin-x64-baseline@1.2.17", "", { "os": "darwin", "cpu": "x64" }, "sha512-VSIctl90tV8yg1LRMvPg/8LgUzl55Q7Jcxe+u6PfuvLQIJOTIPbNn7HtRpJg7MGc3+qyztB5KDd70xC7qI2yEg=="],

    "@oven/bun-linux-aarch64": ["@oven/bun-linux-aarch64@1.2.17", "", { "os": "linux", "cpu": "arm64" }, "sha512-KPoMqaibCXcSv+VZ3uMqKUNZqMxE6Hho1be6+laolYGOIJxJTMnZPfmKfIlQmnnW3vLlm3g2Rm8pPPC7doSHWg=="],

    "@oven/bun-linux-aarch64-musl": ["@oven/bun-linux-aarch64-musl@1.2.17", "", { "os": "linux", "cpu": "none" }, "sha512-PH+hUV+I6DGD1VRHdAIAKEAOed+GSdvn6S1b3qqX27/VuHBU781V+hzt+6DBlcWBHYLw8PIg9sfIdNp485gQmw=="],

    "@oven/bun-linux-x64": ["@oven/bun-linux-x64@1.2.17", "", { "os": "linux", "cpu": "x64" }, "sha512-BfySnrTxp7D9hVUi9JEpviJl8ndsuESiRiQKTzgmdTLrMjUxP4SwrwMtYt6R9X20n9rREG6a47C0IyQMhbwG/g=="],

    "@oven/bun-linux-x64-baseline": ["@oven/bun-linux-x64-baseline@1.2.17", "", { "os": "linux", "cpu": "x64" }, "sha512-IrnFMUwYWxoKICQgK8ZlJ6rI/HU2gITFNEW0MIOPIcuT0s3j0/33631M9EzYDoL4NuLQPks6569JDvSHEVqdeA=="],

    "@oven/bun-linux-x64-musl": ["@oven/bun-linux-x64-musl@1.2.17", "", { "os": "linux", "cpu": "x64" }, "sha512-fW9qn/WqO131/qSIkIPW8zN+thQnYUWa/k98EWubLG87htKSPh1v023E5ikKb7WlUv4Yb6UlE/z4NmMYKffmAg=="],

    "@oven/bun-linux-x64-musl-baseline": ["@oven/bun-linux-x64-musl-baseline@1.2.17", "", { "os": "linux", "cpu": "x64" }, "sha512-YE5wQ/YA79BykMLhuwgdoF8Yjj5dRipD8dwmXs8n7gzR+/L9tL7Q69NQgskW2KkAalmWPoGAv3TV0IwbU+1dFw=="],

    "@oven/bun-windows-x64": ["@oven/bun-windows-x64@1.2.17", "", { "os": "win32", "cpu": "x64" }, "sha512-GJUg1oA59DWH6eyV8uccpgfTEVxjmgfTWQCOl2ySMXR3IfRoFwS4aQfpjcVzNmEZrv8eYt+yMuw1K7aNcWTTIg=="],

    "@oven/bun-windows-x64-baseline": ["@oven/bun-windows-x64-baseline@1.2.17", "", { "os": "win32", "cpu": "x64" }, "sha512-aVkq4l1yZ9VKfBOtZ2HEj0OCU5kUe3Fx6LbAG6oY6OglWVYj051i3RGaE2OdR4L4F2jDyxzfGYRTM/qs8nU5qA=="],

    "@rails/request.js": ["@rails/request.js@0.0.12", "", {}, "sha512-g3//JBja1s04Zflj7IoMLQuXza9i4ZvtLmm0r0dMwh1QQUs6rL2iKUOGGyERfLsd81SnXC5ucfVV//rtsDlEEA=="],

    "@types/bun": ["@types/bun@1.2.17", "", { "dependencies": { "bun-types": "1.2.17" } }, "sha512-l/BYs/JYt+cXA/0+wUhulYJB6a6p//GTPiJ7nV+QHa8iiId4HZmnu/3J/SowP5g0rTiERY2kfGKXEK5Ehltx4Q=="],

    "@types/node": ["@types/node@22.15.18", "", { "dependencies": { "undici-types": "~6.21.0" } }, "sha512-v1DKRfUdyW+jJhZNEI1PYy29S2YRxMV5AOO/x/SjKmW0acCIOqmbj6Haf9eHAhsPmrhlHSxEhv/1WszcLWV4cg=="],

    "@types/react": ["@types/react@19.1.8", "", { "dependencies": { "csstype": "^3.0.2" } }, "sha512-AwAfQ2Wa5bCx9WP8nZL2uMZWod7J7/JSplxbTmBQ5ms6QpqNYm672H0Vu9ZVKVngQ+ii4R/byguVEUZQyeg44g=="],

    "@typescript/native-preview": ["@typescript/native-preview@7.0.0-dev.20250625.1", "", { "optionalDependencies": { "@typescript/native-preview-darwin-arm64": "7.0.0-dev.20250625.1", "@typescript/native-preview-darwin-x64": "7.0.0-dev.20250625.1", "@typescript/native-preview-linux-arm": "7.0.0-dev.20250625.1", "@typescript/native-preview-linux-arm64": "7.0.0-dev.20250625.1", "@typescript/native-preview-linux-x64": "7.0.0-dev.20250625.1", "@typescript/native-preview-win32-arm64": "7.0.0-dev.20250625.1", "@typescript/native-preview-win32-x64": "7.0.0-dev.20250625.1" }, "bin": { "tsgo": "bin/tsgo.js" } }, "sha512-7781zmsKURCHknc37H4U4la4kZduyxmmUshZLBzNhPHhV5DKo++K8MF69kxhRG3/vS4HBhozf0YI0mZMIbkSDA=="],

    "@typescript/native-preview-darwin-arm64": ["@typescript/native-preview-darwin-arm64@7.0.0-dev.20250625.1", "", { "os": "darwin", "cpu": "arm64" }, "sha512-JcLCql0O6+0iHIMllvax02kqpNtY1RUckGKomuO5kSbrOo9PsR+6r5MEcspfj47gwOl7AS0vrGhBCFFogF+KGw=="],

    "@typescript/native-preview-darwin-x64": ["@typescript/native-preview-darwin-x64@7.0.0-dev.20250625.1", "", { "os": "darwin", "cpu": "x64" }, "sha512-0vCkk3FdS92W625JyzA8Slu/0vgkeu10fRQNfgIbf+E29DKMKnwXW56WhHSdGXAivU44Mewwc589+CbsABq3Sw=="],

    "@typescript/native-preview-linux-arm": ["@typescript/native-preview-linux-arm@7.0.0-dev.20250625.1", "", { "os": "linux", "cpu": "arm" }, "sha512-MumU7p+09ikH/x5IOJRV6DUj6N5/0kSlI4IsAUPtpT2WGkQdDtL2CC523/94YvOfWB1/+9r01636LVCGOJ135g=="],

    "@typescript/native-preview-linux-arm64": ["@typescript/native-preview-linux-arm64@7.0.0-dev.20250625.1", "", { "os": "linux", "cpu": "arm64" }, "sha512-IgnoWQSKeoeL7Y7tvlbcDQx0nidK3UWa/bbm1zJv+AfQlAGMrEMygp+ZzocmycUCYOVM0dcIbymjoiI/QRHTng=="],

    "@typescript/native-preview-linux-x64": ["@typescript/native-preview-linux-x64@7.0.0-dev.20250625.1", "", { "os": "linux", "cpu": "x64" }, "sha512-6fE8piqPfzPPqmQ37ewTSbm4HW0cNqOEhfLG2F37zJd4525mefhIpWvj2iCkEHWp+BDlF2dYCbB4cY2nmfrNNw=="],

    "@typescript/native-preview-win32-arm64": ["@typescript/native-preview-win32-arm64@7.0.0-dev.20250625.1", "", { "os": "win32", "cpu": "arm64" }, "sha512-ppCkjBAFotPxL8j9Vk5cNSwMreOvAt02AMa5Hko3JQGSVA2TQCIlvTFn+SHSIWzYbzomc9j4j5WOcOR0rmAAHg=="],

    "@typescript/native-preview-win32-x64": ["@typescript/native-preview-win32-x64@7.0.0-dev.20250625.1", "", { "os": "win32", "cpu": "x64" }, "sha512-BsnJqso5MKAW4Y7fPmcamJ+EIrWOTqwLjeZP74NNFvTqCsA4RkITCw4NpLwD0lzrv9VsQcQ+bNwB8DrT+oDqoQ=="],

    "bun": ["bun@1.2.17", "", { "optionalDependencies": { "@oven/bun-darwin-aarch64": "1.2.17", "@oven/bun-darwin-x64": "1.2.17", "@oven/bun-darwin-x64-baseline": "1.2.17", "@oven/bun-linux-aarch64": "1.2.17", "@oven/bun-linux-aarch64-musl": "1.2.17", "@oven/bun-linux-x64": "1.2.17", "@oven/bun-linux-x64-baseline": "1.2.17", "@oven/bun-linux-x64-musl": "1.2.17", "@oven/bun-linux-x64-musl-baseline": "1.2.17", "@oven/bun-windows-x64": "1.2.17", "@oven/bun-windows-x64-baseline": "1.2.17" }, "os": [ "linux", "win32", "darwin", ], "cpu": [ "x64", "arm64", ], "bin": { "bun": "bin/bun.exe", "bunx": "bin/bunx.exe" } }, "sha512-lrUZTWS24eVy6v+Eph8VTwqFPcG7/XQ0rLBQEMNoQs2Vd7ctVdMGAzJKKGZRUQH+rgkD8rBeHGIVoWxX4vJLCA=="],

    "bun-types": ["bun-types@1.2.17", "", { "dependencies": { "@types/node": "*" } }, "sha512-ElC7ItwT3SCQwYZDYoAH+q6KT4Fxjl8DtZ6qDulUFBmXA8YB4xo+l54J9ZJN+k2pphfn9vk7kfubeSd5QfTVJQ=="],

    "csstype": ["csstype@3.1.3", "", {}, "sha512-M1uQkMl8rQK/szD0LNhtqxIPLpimGm8sOBwU7lLnCpSbTyY3yeU1Vc7l4KT5zT4s/yOxHH5O7tIuuLOCnLADRw=="],

    "dotenv": ["dotenv@16.5.0", "", {}, "sha512-m/C+AwOAr9/W1UOIZUo232ejMNnJAJtYQjUbHoNTBNTJSvqzzDh7vnrei3o3r3m9blf6ZoDkvcw0VmozNRFJxg=="],

    "hono": ["hono@4.8.3", "", {}, "sha512-jYZ6ZtfWjzBdh8H/0CIFfCBHaFL75k+KMzaM177hrWWm2TWL39YMYaJgB74uK/niRc866NMlH9B8uCvIo284WQ=="],

    "react": ["react@19.1.0", "", {}, "sha512-FS+XFBNvn3GTAWq26joslQgWNoFu08F4kl0J4CgdNKADkdSGXQyTCnKteIAJy96Br6YbpEU1LSzV5dYtjMkMDg=="],

    "react-dom": ["react-dom@19.1.0", "", { "dependencies": { "scheduler": "^0.26.0" }, "peerDependencies": { "react": "^19.1.0" } }, "sha512-Xs1hdnE+DyKgeHJeJznQmYMIBG3TKIHJJT95Q58nHLSrElKlGQqDTR2HQ9fx5CN/Gk6Vh/kupBTDLU11/nDk/g=="],

    "scheduler": ["scheduler@0.26.0", "", {}, "sha512-NlHwttCI/l5gCPR3D1nNXtWABUmBwvZpEQiD4IXSbIDq8BzLIK/7Ir5gTFSGZDUu37K5cMNp0hFtzO38sC7gWA=="],

    "typescript": ["typescript@5.8.3", "", { "bin": { "tsc": "bin/tsc", "tsserver": "bin/tsserver" } }, "sha512-p1diW6TqL9L07nNxvRMM7hMMw4c5XOo/1ibL4aAIGmSAt9slTE1Xgw5KWuof2uTOvCg9BY7ZRi+GaF+7sfgPeQ=="],

    "undici-types": ["undici-types@6.21.0", "", {}, "sha512-iwDZqg0QAGrg9Rav5H4n0M64c3mkR59cJ6wQp+7C4nI0gsmExaedaYLNO44eT4AtBBwjbTiGPMlt2Md0T9H9JQ=="],
  }
}
