{
  "name": "app",
  "lockfileVersion": 3,
  "requires": true,
  "packages": {
    "": {
      "name": "app",
      "dependencies": {
        "@rails/request.js": "^0.0.12",
        "@types/react": "^19.1.8",
        "bun": "^1.2.17",
        "hono": "^4.8.3",
        "react": "^19.1.0",
        "react-dom": "^19.1.0",
        "react-router": "^7.6.2"
      },
      "devDependencies": {
        "@biomejs/biome": "^2.0.5",
        "@types/bun": "^1.2.17",
        "@typescript/native-preview": "^7.0.0-dev.20250626.1",
        "glob": "^11.0.3"
      },
      "peerDependencies": {
        "dotenv": "^16.5.0",
        "typescript": "^5.8.3"
      }
    },
    "node_modules/@biomejs/biome": {
      "version": "2.0.5",
      "resolved": "https://registry.npmjs.org/@biomejs/biome/-/biome-2.0.5.tgz",
      "integrity": "sha512-MztFGhE6cVjf3QmomWu83GpTFyWY8KIcskgRf2AqVEMSH4qI4rNdBLdpAQ11TNK9pUfLGz3IIOC1ZYwgBePtig==",
      "dev": true,
      "license": "MIT OR Apache-2.0",
      "bin": {
        "biome": "bin/biome"
      },
      "engines": {
        "node": ">=14.21.3"
      },
      "funding": {
        "type": "opencollective",
        "url": "https://opencollective.com/biome"
      },
      "optionalDependencies": {
        "@biomejs/cli-darwin-arm64": "2.0.5",
        "@biomejs/cli-darwin-x64": "2.0.5",
        "@biomejs/cli-linux-arm64": "2.0.5",
        "@biomejs/cli-linux-arm64-musl": "2.0.5",
        "@biomejs/cli-linux-x64": "2.0.5",
        "@biomejs/cli-linux-x64-musl": "2.0.5",
        "@biomejs/cli-win32-arm64": "2.0.5",
        "@biomejs/cli-win32-x64": "2.0.5"
      }
    },
    "node_modules/@biomejs/cli-darwin-arm64": {
      "version": "2.0.5",
      "resolved": "https://registry.npmjs.org/@biomejs/cli-darwin-arm64/-/cli-darwin-arm64-2.0.5.tgz",
      "integrity": "sha512-VIIWQv9Rcj9XresjCf3isBFfWjFStsdGZvm8SmwJzKs/22YQj167ge7DkxuaaZbNf2kmYif0AcjAKvtNedEoEw==",
      "cpu": [
        "arm64"
      ],
      "dev": true,
      "license": "MIT OR Apache-2.0",
      "optional": true,
      "os": [
        "darwin"
      ],
      "engines": {
        "node": ">=14.21.3"
      }
    },
    "node_modules/@biomejs/cli-darwin-x64": {
      "version": "2.0.5",
      "resolved": "https://registry.npmjs.org/@biomejs/cli-darwin-x64/-/cli-darwin-x64-2.0.5.tgz",
      "integrity": "sha512-DRpGxBgf5Z7HUFcNUB6n66UiD4VlBlMpngNf32wPraxX8vYU6N9cb3xQWOXIQVBBQ64QfsSLJnjNu79i/LNmSg==",
      "cpu": [
        "x64"
      ],
      "dev": true,
      "license": "MIT OR Apache-2.0",
      "optional": true,
      "os": [
        "darwin"
      ],
      "engines": {
        "node": ">=14.21.3"
      }
    },
    "node_modules/@biomejs/cli-linux-arm64": {
      "version": "2.0.5",
      "resolved": "https://registry.npmjs.org/@biomejs/cli-linux-arm64/-/cli-linux-arm64-2.0.5.tgz",
      "integrity": "sha512-FQTfDNMXOknf8+g9Eede2daaduRjTC2SNbfWPNFMadN9K3UKjeZ62jwiYxztPaz9zQQsZU8VbddQIaeQY5CmIA==",
      "cpu": [
        "arm64"
      ],
      "dev": true,
      "license": "MIT OR Apache-2.0",
      "optional": true,
      "os": [
        "linux"
      ],
      "engines": {
        "node": ">=14.21.3"
      }
    },
    "node_modules/@biomejs/cli-linux-arm64-musl": {
      "version": "2.0.5",
      "resolved": "https://registry.npmjs.org/@biomejs/cli-linux-arm64-musl/-/cli-linux-arm64-musl-2.0.5.tgz",
      "integrity": "sha512-OpflTCOw/ElEs7QZqN/HFaSViPHjAsAPxFJ22LhWUWvuJgcy/Z8+hRV0/3mk/ZRWy5A6fCDKHZqAxU+xB6W4mA==",
      "cpu": [
        "arm64"
      ],
      "dev": true,
      "license": "MIT OR Apache-2.0",
      "optional": true,
      "os": [
        "linux"
      ],
      "engines": {
        "node": ">=14.21.3"
      }
    },
    "node_modules/@biomejs/cli-linux-x64": {
      "version": "2.0.5",
      "resolved": "https://registry.npmjs.org/@biomejs/cli-linux-x64/-/cli-linux-x64-2.0.5.tgz",
      "integrity": "sha512-znpfydUDPuDkyBTulnODrQVK2FaG/4hIOPcQSsF2GeauQOYrBAOplj0etGB0NUrr0dFsvaQ15nzDXYb60ACoiw==",
      "cpu": [
        "x64"
      ],
      "dev": true,
      "license": "MIT OR Apache-2.0",
      "optional": true,
      "os": [
        "linux"
      ],
      "engines": {
        "node": ">=14.21.3"
      }
    },
    "node_modules/@biomejs/cli-linux-x64-musl": {
      "version": "2.0.5",
      "resolved": "https://registry.npmjs.org/@biomejs/cli-linux-x64-musl/-/cli-linux-x64-musl-2.0.5.tgz",
      "integrity": "sha512-9lmjCnajAzpZXbav2P6D87ugkhnaDpJtDvOH5uQbY2RXeW6Rq18uOUltxgacGBP+d8GusTr+s3IFOu7SN0Ok8g==",
      "cpu": [
        "x64"
      ],
      "dev": true,
      "license": "MIT OR Apache-2.0",
      "optional": true,
      "os": [
        "linux"
      ],
      "engines": {
        "node": ">=14.21.3"
      }
    },
    "node_modules/@biomejs/cli-win32-arm64": {
      "version": "2.0.5",
      "resolved": "https://registry.npmjs.org/@biomejs/cli-win32-arm64/-/cli-win32-arm64-2.0.5.tgz",
      "integrity": "sha512-CP2wKQB+gh8HdJTFKYRFETqReAjxlcN9AlYDEoye8v2eQp+L9v+PUeDql/wsbaUhSsLR0sjj3PtbBtt+02AN3A==",
      "cpu": [
        "arm64"
      ],
      "dev": true,
      "license": "MIT OR Apache-2.0",
      "optional": true,
      "os": [
        "win32"
      ],
      "engines": {
        "node": ">=14.21.3"
      }
    },
    "node_modules/@biomejs/cli-win32-x64": {
      "version": "2.0.5",
      "resolved": "https://registry.npmjs.org/@biomejs/cli-win32-x64/-/cli-win32-x64-2.0.5.tgz",
      "integrity": "sha512-Sw3rz2m6bBADeQpr3+MD7Ch4E1l15DTt/+dfqKnwkm3cn4BrYwnArmvKeZdVsFRDjMyjlKIP88bw1r7o+9aqzw==",
      "cpu": [
        "x64"
      ],
      "dev": true,
      "license": "MIT OR Apache-2.0",
      "optional": true,
      "os": [
        "win32"
      ],
      "engines": {
        "node": ">=14.21.3"
      }
    },
    "node_modules/@isaacs/balanced-match": {
      "version": "4.0.1",
      "resolved": "https://registry.npmjs.org/@isaacs/balanced-match/-/balanced-match-4.0.1.tgz",
      "integrity": "sha512-yzMTt9lEb8Gv7zRioUilSglI0c0smZ9k5D65677DLWLtWJaXIS3CqcGyUFByYKlnUj6TkjLVs54fBl6+TiGQDQ==",
      "dev": true,
      "license": "MIT",
      "engines": {
        "node": "20 || >=22"
      }
    },
    "node_modules/@isaacs/brace-expansion": {
      "version": "5.0.0",
      "resolved": "https://registry.npmjs.org/@isaacs/brace-expansion/-/brace-expansion-5.0.0.tgz",
      "integrity": "sha512-ZT55BDLV0yv0RBm2czMiZ+SqCGO7AvmOM3G/w2xhVPH+te0aKgFjmBvGlL1dH+ql2tgGO3MVrbb3jCKyvpgnxA==",
      "dev": true,
      "license": "MIT",
      "dependencies": {
        "@isaacs/balanced-match": "^4.0.1"
      },
      "engines": {
        "node": "20 || >=22"
      }
    },
    "node_modules/@isaacs/cliui": {
      "version": "8.0.2",
      "resolved": "https://registry.npmjs.org/@isaacs/cliui/-/cliui-8.0.2.tgz",
      "integrity": "sha512-O8jcjabXaleOG9DQ0+ARXWZBTfnP4WNAqzuiJK7ll44AmxGKv/J2M4TPjxjY3znBCfvBXFzucm1twdyFybFqEA==",
      "dev": true,
      "license": "ISC",
      "dependencies": {
        "string-width": "^5.1.2",
        "string-width-cjs": "npm:string-width@^4.2.0",
        "strip-ansi": "^7.0.1",
        "strip-ansi-cjs": "npm:strip-ansi@^6.0.1",
        "wrap-ansi": "^8.1.0",
        "wrap-ansi-cjs": "npm:wrap-ansi@^7.0.0"
      },
      "engines": {
        "node": ">=12"
      }
    },
    "node_modules/@oven/bun-darwin-aarch64": {
      "version": "1.2.17",
      "resolved": "https://registry.npmjs.org/@oven/bun-darwin-aarch64/-/bun-darwin-aarch64-1.2.17.tgz",
      "integrity": "sha512-66Xjz3NZXUUWKZJPvWKuwEkaqMZpir1Gm4SbhbB2iiRSSTW8jqwdkSb9RhgTCDt5OnSPd3+Cq0WsP/T5ExJbhA==",
      "cpu": [
        "arm64"
      ],
      "license": "MIT",
      "optional": true,
      "os": [
        "darwin"
      ]
    },
    "node_modules/@oven/bun-darwin-x64": {
      "version": "1.2.17",
      "resolved": "https://registry.npmjs.org/@oven/bun-darwin-x64/-/bun-darwin-x64-1.2.17.tgz",
      "integrity": "sha512-OMJMHpcpBlWcVnWfSQ6x+8fF7HpkQLqBfoIvzxgUjIZZvj2d8K46XX4N/h62RglDEinRC9VDGxt24vwvlk5tTw==",
      "cpu": [
        "x64"
      ],
      "license": "MIT",
      "optional": true,
      "os": [
        "darwin"
      ]
    },
    "node_modules/@oven/bun-darwin-x64-baseline": {
      "version": "1.2.17",
      "resolved": "https://registry.npmjs.org/@oven/bun-darwin-x64-baseline/-/bun-darwin-x64-baseline-1.2.17.tgz",
      "integrity": "sha512-VSIctl90tV8yg1LRMvPg/8LgUzl55Q7Jcxe+u6PfuvLQIJOTIPbNn7HtRpJg7MGc3+qyztB5KDd70xC7qI2yEg==",
      "cpu": [
        "x64"
      ],
      "license": "MIT",
      "optional": true,
      "os": [
        "darwin"
      ]
    },
    "node_modules/@oven/bun-linux-aarch64": {
      "version": "1.2.17",
      "resolved": "https://registry.npmjs.org/@oven/bun-linux-aarch64/-/bun-linux-aarch64-1.2.17.tgz",
      "integrity": "sha512-KPoMqaibCXcSv+VZ3uMqKUNZqMxE6Hho1be6+laolYGOIJxJTMnZPfmKfIlQmnnW3vLlm3g2Rm8pPPC7doSHWg==",
      "cpu": [
        "arm64"
      ],
      "license": "MIT",
      "optional": true,
      "os": [
        "linux"
      ]
    },
    "node_modules/@oven/bun-linux-aarch64-musl": {
      "version": "1.2.17",
      "resolved": "https://registry.npmjs.org/@oven/bun-linux-aarch64-musl/-/bun-linux-aarch64-musl-1.2.17.tgz",
      "integrity": "sha512-PH+hUV+I6DGD1VRHdAIAKEAOed+GSdvn6S1b3qqX27/VuHBU781V+hzt+6DBlcWBHYLw8PIg9sfIdNp485gQmw==",
      "cpu": [
        "aarch64"
      ],
      "license": "MIT",
      "optional": true,
      "os": [
        "linux"
      ]
    },
    "node_modules/@oven/bun-linux-x64": {
      "version": "1.2.17",
      "resolved": "https://registry.npmjs.org/@oven/bun-linux-x64/-/bun-linux-x64-1.2.17.tgz",
      "integrity": "sha512-BfySnrTxp7D9hVUi9JEpviJl8ndsuESiRiQKTzgmdTLrMjUxP4SwrwMtYt6R9X20n9rREG6a47C0IyQMhbwG/g==",
      "cpu": [
        "x64"
      ],
      "license": "MIT",
      "optional": true,
      "os": [
        "linux"
      ]
    },
    "node_modules/@oven/bun-linux-x64-baseline": {
      "version": "1.2.17",
      "resolved": "https://registry.npmjs.org/@oven/bun-linux-x64-baseline/-/bun-linux-x64-baseline-1.2.17.tgz",
      "integrity": "sha512-IrnFMUwYWxoKICQgK8ZlJ6rI/HU2gITFNEW0MIOPIcuT0s3j0/33631M9EzYDoL4NuLQPks6569JDvSHEVqdeA==",
      "cpu": [
        "x64"
      ],
      "license": "MIT",
      "optional": true,
      "os": [
        "linux"
      ]
    },
    "node_modules/@oven/bun-linux-x64-musl": {
      "version": "1.2.17",
      "resolved": "https://registry.npmjs.org/@oven/bun-linux-x64-musl/-/bun-linux-x64-musl-1.2.17.tgz",
      "integrity": "sha512-fW9qn/WqO131/qSIkIPW8zN+thQnYUWa/k98EWubLG87htKSPh1v023E5ikKb7WlUv4Yb6UlE/z4NmMYKffmAg==",
      "cpu": [
        "x64"
      ],
      "license": "MIT",
      "optional": true,
      "os": [
        "linux"
      ]
    },
    "node_modules/@oven/bun-linux-x64-musl-baseline": {
      "version": "1.2.17",
      "resolved": "https://registry.npmjs.org/@oven/bun-linux-x64-musl-baseline/-/bun-linux-x64-musl-baseline-1.2.17.tgz",
      "integrity": "sha512-YE5wQ/YA79BykMLhuwgdoF8Yjj5dRipD8dwmXs8n7gzR+/L9tL7Q69NQgskW2KkAalmWPoGAv3TV0IwbU+1dFw==",
      "cpu": [
        "x64"
      ],
      "license": "MIT",
      "optional": true,
      "os": [
        "linux"
      ]
    },
    "node_modules/@oven/bun-windows-x64": {
      "version": "1.2.17",
      "resolved": "https://registry.npmjs.org/@oven/bun-windows-x64/-/bun-windows-x64-1.2.17.tgz",
      "integrity": "sha512-GJUg1oA59DWH6eyV8uccpgfTEVxjmgfTWQCOl2ySMXR3IfRoFwS4aQfpjcVzNmEZrv8eYt+yMuw1K7aNcWTTIg==",
      "cpu": [
        "x64"
      ],
      "license": "MIT",
      "optional": true,
      "os": [
        "win32"
      ]
    },
    "node_modules/@oven/bun-windows-x64-baseline": {
      "version": "1.2.17",
      "resolved": "https://registry.npmjs.org/@oven/bun-windows-x64-baseline/-/bun-windows-x64-baseline-1.2.17.tgz",
      "integrity": "sha512-aVkq4l1yZ9VKfBOtZ2HEj0OCU5kUe3Fx6LbAG6oY6OglWVYj051i3RGaE2OdR4L4F2jDyxzfGYRTM/qs8nU5qA==",
      "cpu": [
        "x64"
      ],
      "license": "MIT",
      "optional": true,
      "os": [
        "win32"
      ]
    },
    "node_modules/@rails/request.js": {
      "version": "0.0.12",
      "resolved": "https://registry.npmjs.org/@rails/request.js/-/request.js-0.0.12.tgz",
      "integrity": "sha512-g3//JBja1s04Zflj7IoMLQuXza9i4ZvtLmm0r0dMwh1QQUs6rL2iKUOGGyERfLsd81SnXC5ucfVV//rtsDlEEA==",
      "license": "MIT"
    },
    "node_modules/@types/bun": {
      "version": "1.2.17",
      "resolved": "https://registry.npmjs.org/@types/bun/-/bun-1.2.17.tgz",
      "integrity": "sha512-l/BYs/JYt+cXA/0+wUhulYJB6a6p//GTPiJ7nV+QHa8iiId4HZmnu/3J/SowP5g0rTiERY2kfGKXEK5Ehltx4Q==",
      "dev": true,
      "license": "MIT",
      "dependencies": {
        "bun-types": "1.2.17"
      }
    },
    "node_modules/@types/node": {
      "version": "24.0.3",
      "resolved": "https://registry.npmjs.org/@types/node/-/node-24.0.3.tgz",
      "integrity": "sha512-R4I/kzCYAdRLzfiCabn9hxWfbuHS573x+r0dJMkkzThEa7pbrcDWK+9zu3e7aBOouf+rQAciqPFMnxwr0aWgKg==",
      "dev": true,
      "license": "MIT",
      "dependencies": {
        "undici-types": "~7.8.0"
      }
    },
    "node_modules/@types/react": {
      "version": "19.1.8",
      "resolved": "https://registry.npmjs.org/@types/react/-/react-19.1.8.tgz",
      "integrity": "sha512-AwAfQ2Wa5bCx9WP8nZL2uMZWod7J7/JSplxbTmBQ5ms6QpqNYm672H0Vu9ZVKVngQ+ii4R/byguVEUZQyeg44g==",
      "license": "MIT",
      "dependencies": {
        "csstype": "^3.0.2"
      }
    },
    "node_modules/@typescript/native-preview": {
      "version": "7.0.0-dev.20250626.1",
      "resolved": "https://registry.npmjs.org/@typescript/native-preview/-/native-preview-7.0.0-dev.20250626.1.tgz",
      "integrity": "sha512-8B/N1S8SafNZXPo1uhJa5ccuIHKYewpQrIJqWBrVdCGP/fMMFYN1lC+D3d+LxxJAoSn63Udqjzb0L/vgLHNjVw==",
      "dev": true,
      "license": "Apache-2.0",
      "bin": {
        "tsgo": "bin/tsgo.js"
      },
      "engines": {
        "node": ">=20.6.0"
      },
      "optionalDependencies": {
        "@typescript/native-preview-darwin-arm64": "7.0.0-dev.20250626.1",
        "@typescript/native-preview-darwin-x64": "7.0.0-dev.20250626.1",
        "@typescript/native-preview-linux-arm": "7.0.0-dev.20250626.1",
        "@typescript/native-preview-linux-arm64": "7.0.0-dev.20250626.1",
        "@typescript/native-preview-linux-x64": "7.0.0-dev.20250626.1",
        "@typescript/native-preview-win32-arm64": "7.0.0-dev.20250626.1",
        "@typescript/native-preview-win32-x64": "7.0.0-dev.20250626.1"
      }
    },
    "node_modules/@typescript/native-preview-darwin-arm64": {
      "version": "7.0.0-dev.20250626.1",
      "resolved": "https://registry.npmjs.org/@typescript/native-preview-darwin-arm64/-/native-preview-darwin-arm64-7.0.0-dev.20250626.1.tgz",
      "integrity": "sha512-lOUiruk4m+8tL2CntBfloMYPQdQmIE1WQ57x+3O3Fz87C3ypmqQFCcyASpYnhi3Nlvzo+t4O3xC74uJ7/n2Slw==",
      "cpu": [
        "arm64"
      ],
      "dev": true,
      "license": "Apache-2.0",
      "optional": true,
      "os": [
        "darwin"
      ],
      "engines": {
        "node": ">=20.6.0"
      }
    },
    "node_modules/@typescript/native-preview-darwin-x64": {
      "version": "7.0.0-dev.20250626.1",
      "resolved": "https://registry.npmjs.org/@typescript/native-preview-darwin-x64/-/native-preview-darwin-x64-7.0.0-dev.20250626.1.tgz",
      "integrity": "sha512-4FrBxvbKpa0mMIuoO2QA+c2wcvGVL7k2TN2dv8B3d1VwSL2CwJkOJzwEv1QqlCVCSTmqgn5agVASPBRBB9WNuA==",
      "cpu": [
        "x64"
      ],
      "dev": true,
      "license": "Apache-2.0",
      "optional": true,
      "os": [
        "darwin"
      ],
      "engines": {
        "node": ">=20.6.0"
      }
    },
    "node_modules/@typescript/native-preview-linux-arm": {
      "version": "7.0.0-dev.20250626.1",
      "resolved": "https://registry.npmjs.org/@typescript/native-preview-linux-arm/-/native-preview-linux-arm-7.0.0-dev.20250626.1.tgz",
      "integrity": "sha512-1COVLqEfdqsF1Sjx9xD3rSVbakiyPdLqAHo+O2ImLvqfJQXdTvoEtTvXmHRy0o4plXLeq9ABrmk77BwkLVN00w==",
      "cpu": [
        "arm"
      ],
      "dev": true,
      "license": "Apache-2.0",
      "optional": true,
      "os": [
        "linux"
      ],
      "engines": {
        "node": ">=20.6.0"
      }
    },
    "node_modules/@typescript/native-preview-linux-arm64": {
      "version": "7.0.0-dev.20250626.1",
      "resolved": "https://registry.npmjs.org/@typescript/native-preview-linux-arm64/-/native-preview-linux-arm64-7.0.0-dev.20250626.1.tgz",
      "integrity": "sha512-aE+R49tRkNagGvPxDbgikxHdxlXJEFIvwqrvtc/OLWlgwLAMOQ2fwp8F04vCYlhpf9mnxADNZ7FItpkK4nHZ4w==",
      "cpu": [
        "arm64"
      ],
      "dev": true,
      "license": "Apache-2.0",
      "optional": true,
      "os": [
        "linux"
      ],
      "engines": {
        "node": ">=20.6.0"
      }
    },
    "node_modules/@typescript/native-preview-linux-x64": {
      "version": "7.0.0-dev.20250626.1",
      "resolved": "https://registry.npmjs.org/@typescript/native-preview-linux-x64/-/native-preview-linux-x64-7.0.0-dev.20250626.1.tgz",
      "integrity": "sha512-L0FVGybiZCBV2IOwCRLN/0SbqSytioaYOTSBrricFPgPG6fVy3tGhtGwrBWTyDV+59FEeqPBajYmrhdnG+oKJA==",
      "cpu": [
        "x64"
      ],
      "dev": true,
      "license": "Apache-2.0",
      "optional": true,
      "os": [
        "linux"
      ],
      "engines": {
        "node": ">=20.6.0"
      }
    },
    "node_modules/@typescript/native-preview-win32-arm64": {
      "version": "7.0.0-dev.20250626.1",
      "resolved": "https://registry.npmjs.org/@typescript/native-preview-win32-arm64/-/native-preview-win32-arm64-7.0.0-dev.20250626.1.tgz",
      "integrity": "sha512-nMpNQ94XrZqGxAIcIm/X4fPzPm2UnTdGUy4hyezsaW8l1fuHS9SGd66r7pkDfxiTp0nBZ6Ukos5o7QI+4ayqlA==",
      "cpu": [
        "arm64"
      ],
      "dev": true,
      "license": "Apache-2.0",
      "optional": true,
      "os": [
        "win32"
      ],
      "engines": {
        "node": ">=20.6.0"
      }
    },
    "node_modules/@typescript/native-preview-win32-x64": {
      "version": "7.0.0-dev.20250626.1",
      "resolved": "https://registry.npmjs.org/@typescript/native-preview-win32-x64/-/native-preview-win32-x64-7.0.0-dev.20250626.1.tgz",
      "integrity": "sha512-vQ+rV18iHq1+7ftEMJ5KFZN4Z8ZHK1lfjJ2k9LKwJn9f7PssvTVCoKoJT/PguCrziDEzbi82N32WHiwNI6nE3Q==",
      "cpu": [
        "x64"
      ],
      "dev": true,
      "license": "Apache-2.0",
      "optional": true,
      "os": [
        "win32"
      ],
      "engines": {
        "node": ">=20.6.0"
      }
    },
    "node_modules/ansi-regex": {
      "version": "6.1.0",
      "resolved": "https://registry.npmjs.org/ansi-regex/-/ansi-regex-6.1.0.tgz",
      "integrity": "sha512-7HSX4QQb4CspciLpVFwyRe79O3xsIZDDLER21kERQ71oaPodF8jL725AgJMFAYbooIqolJoRLuM81SpeUkpkvA==",
      "dev": true,
      "license": "MIT",
      "engines": {
        "node": ">=12"
      },
      "funding": {
        "url": "https://github.com/chalk/ansi-regex?sponsor=1"
      }
    },
    "node_modules/ansi-styles": {
      "version": "6.2.1",
      "resolved": "https://registry.npmjs.org/ansi-styles/-/ansi-styles-6.2.1.tgz",
      "integrity": "sha512-bN798gFfQX+viw3R7yrGWRqnrN2oRkEkUjjl4JNn4E8GxxbjtG3FbrEIIY3l8/hrwUwIeCZvi4QuOTP4MErVug==",
      "dev": true,
      "license": "MIT",
      "engines": {
        "node": ">=12"
      },
      "funding": {
        "url": "https://github.com/chalk/ansi-styles?sponsor=1"
      }
    },
    "node_modules/bun": {
      "version": "1.2.17",
      "resolved": "https://registry.npmjs.org/bun/-/bun-1.2.17.tgz",
      "integrity": "sha512-lrUZTWS24eVy6v+Eph8VTwqFPcG7/XQ0rLBQEMNoQs2Vd7ctVdMGAzJKKGZRUQH+rgkD8rBeHGIVoWxX4vJLCA==",
      "cpu": [
        "arm64",
        "x64",
        "aarch64"
      ],
      "hasInstallScript": true,
      "license": "MIT",
      "os": [
        "darwin",
        "linux",
        "win32"
      ],
      "bin": {
        "bun": "bin/bun.exe",
        "bunx": "bin/bunx.exe"
      },
      "optionalDependencies": {
        "@oven/bun-darwin-aarch64": "1.2.17",
        "@oven/bun-darwin-x64": "1.2.17",
        "@oven/bun-darwin-x64-baseline": "1.2.17",
        "@oven/bun-linux-aarch64": "1.2.17",
        "@oven/bun-linux-aarch64-musl": "1.2.17",
        "@oven/bun-linux-x64": "1.2.17",
        "@oven/bun-linux-x64-baseline": "1.2.17",
        "@oven/bun-linux-x64-musl": "1.2.17",
        "@oven/bun-linux-x64-musl-baseline": "1.2.17",
        "@oven/bun-windows-x64": "1.2.17",
        "@oven/bun-windows-x64-baseline": "1.2.17"
      }
    },
    "node_modules/bun-types": {
      "version": "1.2.17",
      "resolved": "https://registry.npmjs.org/bun-types/-/bun-types-1.2.17.tgz",
      "integrity": "sha512-ElC7ItwT3SCQwYZDYoAH+q6KT4Fxjl8DtZ6qDulUFBmXA8YB4xo+l54J9ZJN+k2pphfn9vk7kfubeSd5QfTVJQ==",
      "dev": true,
      "license": "MIT",
      "dependencies": {
        "@types/node": "*"
      }
    },
    "node_modules/color-convert": {
      "version": "2.0.1",
      "resolved": "https://registry.npmjs.org/color-convert/-/color-convert-2.0.1.tgz",
      "integrity": "sha512-RRECPsj7iu/xb5oKYcsFHSppFNnsj/52OVTRKb4zP5onXwVF3zVmmToNcOfGC+CRDpfK/U584fMg38ZHCaElKQ==",
      "dev": true,
      "license": "MIT",
      "dependencies": {
        "color-name": "~1.1.4"
      },
      "engines": {
        "node": ">=7.0.0"
      }
    },
    "node_modules/color-name": {
      "version": "1.1.4",
      "resolved": "https://registry.npmjs.org/color-name/-/color-name-1.1.4.tgz",
      "integrity": "sha512-dOy+3AuW3a2wNbZHIuMZpTcgjGuLU/uBL/ubcZF9OXbDo8ff4O8yVp5Bf0efS8uEoYo5q4Fx7dY9OgQGXgAsQA==",
      "dev": true,
      "license": "MIT"
    },
    "node_modules/cookie": {
      "version": "1.0.2",
      "resolved": "https://registry.npmjs.org/cookie/-/cookie-1.0.2.tgz",
      "integrity": "sha512-9Kr/j4O16ISv8zBBhJoi4bXOYNTkFLOqSL3UDB0njXxCXNezjeyVrJyGOWtgfs/q2km1gwBcfH8q1yEGoMYunA==",
      "license": "MIT",
      "engines": {
        "node": ">=18"
      }
    },
    "node_modules/cross-spawn": {
      "version": "7.0.6",
      "resolved": "https://registry.npmjs.org/cross-spawn/-/cross-spawn-7.0.6.tgz",
      "integrity": "sha512-uV2QOWP2nWzsy2aMp8aRibhi9dlzF5Hgh5SHaB9OiTGEyDTiJJyx0uy51QXdyWbtAHNua4XJzUKca3OzKUd3vA==",
      "dev": true,
      "license": "MIT",
      "dependencies": {
        "path-key": "^3.1.0",
        "shebang-command": "^2.0.0",
        "which": "^2.0.1"
      },
      "engines": {
        "node": ">= 8"
      }
    },
    "node_modules/csstype": {
      "version": "3.1.3",
      "resolved": "https://registry.npmjs.org/csstype/-/csstype-3.1.3.tgz",
      "integrity": "sha512-M1uQkMl8rQK/szD0LNhtqxIPLpimGm8sOBwU7lLnCpSbTyY3yeU1Vc7l4KT5zT4s/yOxHH5O7tIuuLOCnLADRw==",
      "license": "MIT"
    },
    "node_modules/dotenv": {
      "version": "16.5.0",
      "resolved": "https://registry.npmjs.org/dotenv/-/dotenv-16.5.0.tgz",
      "integrity": "sha512-m/C+AwOAr9/W1UOIZUo232ejMNnJAJtYQjUbHoNTBNTJSvqzzDh7vnrei3o3r3m9blf6ZoDkvcw0VmozNRFJxg==",
      "license": "BSD-2-Clause",
      "peer": true,
      "engines": {
        "node": ">=12"
      },
      "funding": {
        "url": "https://dotenvx.com"
      }
    },
    "node_modules/eastasianwidth": {
      "version": "0.2.0",
      "resolved": "https://registry.npmjs.org/eastasianwidth/-/eastasianwidth-0.2.0.tgz",
      "integrity": "sha512-I88TYZWc9XiYHRQ4/3c5rjjfgkjhLyW2luGIheGERbNQ6OY7yTybanSpDXZa8y7VUP9YmDcYa+eyq4ca7iLqWA==",
      "dev": true,
      "license": "MIT"
    },
    "node_modules/emoji-regex": {
      "version": "9.2.2",
      "resolved": "https://registry.npmjs.org/emoji-regex/-/emoji-regex-9.2.2.tgz",
      "integrity": "sha512-L18DaJsXSUk2+42pv8mLs5jJT2hqFkFE4j21wOmgbUqsZ2hL72NsUU785g9RXgo3s0ZNgVl42TiHp3ZtOv/Vyg==",
      "dev": true,
      "license": "MIT"
    },
    "node_modules/foreground-child": {
      "version": "3.3.1",
      "resolved": "https://registry.npmjs.org/foreground-child/-/foreground-child-3.3.1.tgz",
      "integrity": "sha512-gIXjKqtFuWEgzFRJA9WCQeSJLZDjgJUOMCMzxtvFq/37KojM1BFGufqsCy0r4qSQmYLsZYMeyRqzIWOMup03sw==",
      "dev": true,
      "license": "ISC",
      "dependencies": {
        "cross-spawn": "^7.0.6",
        "signal-exit": "^4.0.1"
      },
      "engines": {
        "node": ">=14"
      },
      "funding": {
        "url": "https://github.com/sponsors/isaacs"
      }
    },
    "node_modules/glob": {
      "version": "11.0.3",
      "resolved": "https://registry.npmjs.org/glob/-/glob-11.0.3.tgz",
      "integrity": "sha512-2Nim7dha1KVkaiF4q6Dj+ngPPMdfvLJEOpZk/jKiUAkqKebpGAWQXAq9z1xu9HKu5lWfqw/FASuccEjyznjPaA==",
      "dev": true,
      "license": "ISC",
      "dependencies": {
        "foreground-child": "^3.3.1",
        "jackspeak": "^4.1.1",
        "minimatch": "^10.0.3",
        "minipass": "^7.1.2",
        "package-json-from-dist": "^1.0.0",
        "path-scurry": "^2.0.0"
      },
      "bin": {
        "glob": "dist/esm/bin.mjs"
      },
      "engines": {
        "node": "20 || >=22"
      },
      "funding": {
        "url": "https://github.com/sponsors/isaacs"
      }
    },
    "node_modules/hono": {
      "version": "4.8.3",
      "resolved": "https://registry.npmjs.org/hono/-/hono-4.8.3.tgz",
      "integrity": "sha512-jYZ6ZtfWjzBdh8H/0CIFfCBHaFL75k+KMzaM177hrWWm2TWL39YMYaJgB74uK/niRc866NMlH9B8uCvIo284WQ==",
      "license": "MIT",
      "engines": {
        "node": ">=16.9.0"
      }
    },
    "node_modules/is-fullwidth-code-point": {
      "version": "3.0.0",
      "resolved": "https://registry.npmjs.org/is-fullwidth-code-point/-/is-fullwidth-code-point-3.0.0.tgz",
      "integrity": "sha512-zymm5+u+sCsSWyD9qNaejV3DFvhCKclKdizYaJUuHA83RLjb7nSuGnddCHGv0hk+KY7BMAlsWeK4Ueg6EV6XQg==",
      "dev": true,
      "license": "MIT",
      "engines": {
        "node": ">=8"
      }
    },
    "node_modules/isexe": {
      "version": "2.0.0",
      "resolved": "https://registry.npmjs.org/isexe/-/isexe-2.0.0.tgz",
      "integrity": "sha512-RHxMLp9lnKHGHRng9QFhRCMbYAcVpn69smSGcq3f36xjgVVWThj4qqLbTLlq7Ssj8B+fIQ1EuCEGI2lKsyQeIw==",
      "dev": true,
      "license": "ISC"
    },
    "node_modules/jackspeak": {
      "version": "4.1.1",
      "resolved": "https://registry.npmjs.org/jackspeak/-/jackspeak-4.1.1.tgz",
      "integrity": "sha512-zptv57P3GpL+O0I7VdMJNBZCu+BPHVQUk55Ft8/QCJjTVxrnJHuVuX/0Bl2A6/+2oyR/ZMEuFKwmzqqZ/U5nPQ==",
      "dev": true,
      "license": "BlueOak-1.0.0",
      "dependencies": {
        "@isaacs/cliui": "^8.0.2"
      },
      "engines": {
        "node": "20 || >=22"
      },
      "funding": {
        "url": "https://github.com/sponsors/isaacs"
      }
    },
    "node_modules/lru-cache": {
      "version": "11.1.0",
      "resolved": "https://registry.npmjs.org/lru-cache/-/lru-cache-11.1.0.tgz",
      "integrity": "sha512-QIXZUBJUx+2zHUdQujWejBkcD9+cs94tLn0+YL8UrCh+D5sCXZ4c7LaEH48pNwRY3MLDgqUFyhlCyjJPf1WP0A==",
      "dev": true,
      "license": "ISC",
      "engines": {
        "node": "20 || >=22"
      }
    },
    "node_modules/minimatch": {
      "version": "10.0.3",
      "resolved": "https://registry.npmjs.org/minimatch/-/minimatch-10.0.3.tgz",
      "integrity": "sha512-IPZ167aShDZZUMdRk66cyQAW3qr0WzbHkPdMYa8bzZhlHhO3jALbKdxcaak7W9FfT2rZNpQuUu4Od7ILEpXSaw==",
      "dev": true,
      "license": "ISC",
      "dependencies": {
        "@isaacs/brace-expansion": "^5.0.0"
      },
      "engines": {
        "node": "20 || >=22"
      },
      "funding": {
        "url": "https://github.com/sponsors/isaacs"
      }
    },
    "node_modules/minipass": {
      "version": "7.1.2",
      "resolved": "https://registry.npmjs.org/minipass/-/minipass-7.1.2.tgz",
      "integrity": "sha512-qOOzS1cBTWYF4BH8fVePDBOO9iptMnGUEZwNc/cMWnTV2nVLZ7VoNWEPHkYczZA0pdoA7dl6e7FL659nX9S2aw==",
      "dev": true,
      "license": "ISC",
      "engines": {
        "node": ">=16 || 14 >=14.17"
      }
    },
    "node_modules/package-json-from-dist": {
      "version": "1.0.1",
      "resolved": "https://registry.npmjs.org/package-json-from-dist/-/package-json-from-dist-1.0.1.tgz",
      "integrity": "sha512-UEZIS3/by4OC8vL3P2dTXRETpebLI2NiI5vIrjaD/5UtrkFX/tNbwjTSRAGC/+7CAo2pIcBaRgWmcBBHcsaCIw==",
      "dev": true,
      "license": "BlueOak-1.0.0"
    },
    "node_modules/path-key": {
      "version": "3.1.1",
      "resolved": "https://registry.npmjs.org/path-key/-/path-key-3.1.1.tgz",
      "integrity": "sha512-ojmeN0qd+y0jszEtoY48r0Peq5dwMEkIlCOu6Q5f41lfkswXuKtYrhgoTpLnyIcHm24Uhqx+5Tqm2InSwLhE6Q==",
      "dev": true,
      "license": "MIT",
      "engines": {
        "node": ">=8"
      }
    },
    "node_modules/path-scurry": {
      "version": "2.0.0",
      "resolved": "https://registry.npmjs.org/path-scurry/-/path-scurry-2.0.0.tgz",
      "integrity": "sha512-ypGJsmGtdXUOeM5u93TyeIEfEhM6s+ljAhrk5vAvSx8uyY/02OvrZnA0YNGUrPXfpJMgI1ODd3nwz8Npx4O4cg==",
      "dev": true,
      "license": "BlueOak-1.0.0",
      "dependencies": {
        "lru-cache": "^11.0.0",
        "minipass": "^7.1.2"
      },
      "engines": {
        "node": "20 || >=22"
      },
      "funding": {
        "url": "https://github.com/sponsors/isaacs"
      }
    },
    "node_modules/react": {
      "version": "19.1.0",
      "resolved": "https://registry.npmjs.org/react/-/react-19.1.0.tgz",
      "integrity": "sha512-FS+XFBNvn3GTAWq26joslQgWNoFu08F4kl0J4CgdNKADkdSGXQyTCnKteIAJy96Br6YbpEU1LSzV5dYtjMkMDg==",
      "license": "MIT",
      "engines": {
        "node": ">=0.10.0"
      }
    },
    "node_modules/react-dom": {
      "version": "19.1.0",
      "resolved": "https://registry.npmjs.org/react-dom/-/react-dom-19.1.0.tgz",
      "integrity": "sha512-Xs1hdnE+DyKgeHJeJznQmYMIBG3TKIHJJT95Q58nHLSrElKlGQqDTR2HQ9fx5CN/Gk6Vh/kupBTDLU11/nDk/g==",
      "license": "MIT",
      "dependencies": {
        "scheduler": "^0.26.0"
      },
      "peerDependencies": {
        "react": "^19.1.0"
      }
    },
    "node_modules/react-router": {
      "version": "7.6.2",
      "resolved": "https://registry.npmjs.org/react-router/-/react-router-7.6.2.tgz",
      "integrity": "sha512-U7Nv3y+bMimgWjhlT5CRdzHPu2/KVmqPwKUCChW8en5P3znxUqwlYFlbmyj8Rgp1SF6zs5X4+77kBVknkg6a0w==",
      "license": "MIT",
      "dependencies": {
        "cookie": "^1.0.1",
        "set-cookie-parser": "^2.6.0"
      },
      "engines": {
        "node": ">=20.0.0"
      },
      "peerDependencies": {
        "react": ">=18",
        "react-dom": ">=18"
      },
      "peerDependenciesMeta": {
        "react-dom": {
          "optional": true
        }
      }
    },
    "node_modules/scheduler": {
      "version": "0.26.0",
      "resolved": "https://registry.npmjs.org/scheduler/-/scheduler-0.26.0.tgz",
      "integrity": "sha512-NlHwttCI/l5gCPR3D1nNXtWABUmBwvZpEQiD4IXSbIDq8BzLIK/7Ir5gTFSGZDUu37K5cMNp0hFtzO38sC7gWA==",
      "license": "MIT"
    },
    "node_modules/set-cookie-parser": {
      "version": "2.7.1",
      "resolved": "https://registry.npmjs.org/set-cookie-parser/-/set-cookie-parser-2.7.1.tgz",
      "integrity": "sha512-IOc8uWeOZgnb3ptbCURJWNjWUPcO3ZnTTdzsurqERrP6nPyv+paC55vJM0LpOlT2ne+Ix+9+CRG1MNLlyZ4GjQ==",
      "license": "MIT"
    },
    "node_modules/shebang-command": {
      "version": "2.0.0",
      "resolved": "https://registry.npmjs.org/shebang-command/-/shebang-command-2.0.0.tgz",
      "integrity": "sha512-kHxr2zZpYtdmrN1qDjrrX/Z1rR1kG8Dx+gkpK1G4eXmvXswmcE1hTWBWYUzlraYw1/yZp6YuDY77YtvbN0dmDA==",
      "dev": true,
      "license": "MIT",
      "dependencies": {
        "shebang-regex": "^3.0.0"
      },
      "engines": {
        "node": ">=8"
      }
    },
    "node_modules/shebang-regex": {
      "version": "3.0.0",
      "resolved": "https://registry.npmjs.org/shebang-regex/-/shebang-regex-3.0.0.tgz",
      "integrity": "sha512-7++dFhtcx3353uBaq8DDR4NuxBetBzC7ZQOhmTQInHEd6bSrXdiEyzCvG07Z44UYdLShWUyXt5M/yhz8ekcb1A==",
      "dev": true,
      "license": "MIT",
      "engines": {
        "node": ">=8"
      }
    },
    "node_modules/signal-exit": {
      "version": "4.1.0",
      "resolved": "https://registry.npmjs.org/signal-exit/-/signal-exit-4.1.0.tgz",
      "integrity": "sha512-bzyZ1e88w9O1iNJbKnOlvYTrWPDl46O1bG0D3XInv+9tkPrxrN8jUUTiFlDkkmKWgn1M6CfIA13SuGqOa9Korw==",
      "dev": true,
      "license": "ISC",
      "engines": {
        "node": ">=14"
      },
      "funding": {
        "url": "https://github.com/sponsors/isaacs"
      }
    },
    "node_modules/string-width": {
      "version": "5.1.2",
      "resolved": "https://registry.npmjs.org/string-width/-/string-width-5.1.2.tgz",
      "integrity": "sha512-HnLOCR3vjcY8beoNLtcjZ5/nxn2afmME6lhrDrebokqMap+XbeW8n9TXpPDOqdGK5qcI3oT0GKTW6wC7EMiVqA==",
      "dev": true,
      "license": "MIT",
      "dependencies": {
        "eastasianwidth": "^0.2.0",
        "emoji-regex": "^9.2.2",
        "strip-ansi": "^7.0.1"
      },
      "engines": {
        "node": ">=12"
      },
      "funding": {
        "url": "https://github.com/sponsors/sindresorhus"
      }
    },
    "node_modules/string-width-cjs": {
      "name": "string-width",
      "version": "4.2.3",
      "resolved": "https://registry.npmjs.org/string-width/-/string-width-4.2.3.tgz",
      "integrity": "sha512-wKyQRQpjJ0sIp62ErSZdGsjMJWsap5oRNihHhu6G7JVO/9jIB6UyevL+tXuOqrng8j/cxKTWyWUwvSTriiZz/g==",
      "dev": true,
      "license": "MIT",
      "dependencies": {
        "emoji-regex": "^8.0.0",
        "is-fullwidth-code-point": "^3.0.0",
        "strip-ansi": "^6.0.1"
      },
      "engines": {
        "node": ">=8"
      }
    },
    "node_modules/string-width-cjs/node_modules/ansi-regex": {
      "version": "5.0.1",
      "resolved": "https://registry.npmjs.org/ansi-regex/-/ansi-regex-5.0.1.tgz",
      "integrity": "sha512-quJQXlTSUGL2LH9SUXo8VwsY4soanhgo6LNSm84E1LBcE8s3O0wpdiRzyR9z/ZZJMlMWv37qOOb9pdJlMUEKFQ==",
      "dev": true,
      "license": "MIT",
      "engines": {
        "node": ">=8"
      }
    },
    "node_modules/string-width-cjs/node_modules/emoji-regex": {
      "version": "8.0.0",
      "resolved": "https://registry.npmjs.org/emoji-regex/-/emoji-regex-8.0.0.tgz",
      "integrity": "sha512-MSjYzcWNOA0ewAHpz0MxpYFvwg6yjy1NG3xteoqz644VCo/RPgnr1/GGt+ic3iJTzQ8Eu3TdM14SawnVUmGE6A==",
      "dev": true,
      "license": "MIT"
    },
    "node_modules/string-width-cjs/node_modules/strip-ansi": {
      "version": "6.0.1",
      "resolved": "https://registry.npmjs.org/strip-ansi/-/strip-ansi-6.0.1.tgz",
      "integrity": "sha512-Y38VPSHcqkFrCpFnQ9vuSXmquuv5oXOKpGeT6aGrr3o3Gc9AlVa6JBfUSOCnbxGGZF+/0ooI7KrPuUSztUdU5A==",
      "dev": true,
      "license": "MIT",
      "dependencies": {
        "ansi-regex": "^5.0.1"
      },
      "engines": {
        "node": ">=8"
      }
    },
    "node_modules/strip-ansi": {
      "version": "7.1.0",
      "resolved": "https://registry.npmjs.org/strip-ansi/-/strip-ansi-7.1.0.tgz",
      "integrity": "sha512-iq6eVVI64nQQTRYq2KtEg2d2uU7LElhTJwsH4YzIHZshxlgZms/wIc4VoDQTlG/IvVIrBKG06CrZnp0qv7hkcQ==",
      "dev": true,
      "license": "MIT",
      "dependencies": {
        "ansi-regex": "^6.0.1"
      },
      "engines": {
        "node": ">=12"
      },
      "funding": {
        "url": "https://github.com/chalk/strip-ansi?sponsor=1"
      }
    },
    "node_modules/strip-ansi-cjs": {
      "name": "strip-ansi",
      "version": "6.0.1",
      "resolved": "https://registry.npmjs.org/strip-ansi/-/strip-ansi-6.0.1.tgz",
      "integrity": "sha512-Y38VPSHcqkFrCpFnQ9vuSXmquuv5oXOKpGeT6aGrr3o3Gc9AlVa6JBfUSOCnbxGGZF+/0ooI7KrPuUSztUdU5A==",
      "dev": true,
      "license": "MIT",
      "dependencies": {
        "ansi-regex": "^5.0.1"
      },
      "engines": {
        "node": ">=8"
      }
    },
    "node_modules/strip-ansi-cjs/node_modules/ansi-regex": {
      "version": "5.0.1",
      "resolved": "https://registry.npmjs.org/ansi-regex/-/ansi-regex-5.0.1.tgz",
      "integrity": "sha512-quJQXlTSUGL2LH9SUXo8VwsY4soanhgo6LNSm84E1LBcE8s3O0wpdiRzyR9z/ZZJMlMWv37qOOb9pdJlMUEKFQ==",
      "dev": true,
      "license": "MIT",
      "engines": {
        "node": ">=8"
      }
    },
    "node_modules/typescript": {
      "version": "5.8.3",
      "resolved": "https://registry.npmjs.org/typescript/-/typescript-5.8.3.tgz",
      "integrity": "sha512-p1diW6TqL9L07nNxvRMM7hMMw4c5XOo/1ibL4aAIGmSAt9slTE1Xgw5KWuof2uTOvCg9BY7ZRi+GaF+7sfgPeQ==",
      "license": "Apache-2.0",
      "peer": true,
      "bin": {
        "tsc": "bin/tsc",
        "tsserver": "bin/tsserver"
      },
      "engines": {
        "node": ">=14.17"
      }
    },
    "node_modules/undici-types": {
      "version": "7.8.0",
      "resolved": "https://registry.npmjs.org/undici-types/-/undici-types-7.8.0.tgz",
      "integrity": "sha512-9UJ2xGDvQ43tYyVMpuHlsgApydB8ZKfVYTsLDhXkFL/6gfkp+U8xTGdh8pMJv1SpZna0zxG1DwsKZsreLbXBxw==",
      "dev": true,
      "license": "MIT"
    },
    "node_modules/which": {
      "version": "2.0.2",
      "resolved": "https://registry.npmjs.org/which/-/which-2.0.2.tgz",
      "integrity": "sha512-BLI3Tl1TW3Pvl70l3yq3Y64i+awpwXqsGBYWkkqMtnbXgrMD+yj7rhW0kuEDxzJaYXGjEW5ogapKNMEKNMjibA==",
      "dev": true,
      "license": "ISC",
      "dependencies": {
        "isexe": "^2.0.0"
      },
      "bin": {
        "node-which": "bin/node-which"
      },
      "engines": {
        "node": ">= 8"
      }
    },
    "node_modules/wrap-ansi": {
      "version": "8.1.0",
      "resolved": "https://registry.npmjs.org/wrap-ansi/-/wrap-ansi-8.1.0.tgz",
      "integrity": "sha512-si7QWI6zUMq56bESFvagtmzMdGOtoxfR+Sez11Mobfc7tm+VkUckk9bW2UeffTGVUbOksxmSw0AA2gs8g71NCQ==",
      "dev": true,
      "license": "MIT",
      "dependencies": {
        "ansi-styles": "^6.1.0",
        "string-width": "^5.0.1",
        "strip-ansi": "^7.0.1"
      },
      "engines": {
        "node": ">=12"
      },
      "funding": {
        "url": "https://github.com/chalk/wrap-ansi?sponsor=1"
      }
    },
    "node_modules/wrap-ansi-cjs": {
      "name": "wrap-ansi",
      "version": "7.0.0",
      "resolved": "https://registry.npmjs.org/wrap-ansi/-/wrap-ansi-7.0.0.tgz",
      "integrity": "sha512-YVGIj2kamLSTxw6NsZjoBxfSwsn0ycdesmc4p+Q21c5zPuZ1pl+NfxVdxPtdHvmNVOQ6XSYG4AUtyt/Fi7D16Q==",
      "dev": true,
      "license": "MIT",
      "dependencies": {
        "ansi-styles": "^4.0.0",
        "string-width": "^4.1.0",
        "strip-ansi": "^6.0.0"
      },
      "engines": {
        "node": ">=10"
      },
      "funding": {
        "url": "https://github.com/chalk/wrap-ansi?sponsor=1"
      }
    },
    "node_modules/wrap-ansi-cjs/node_modules/ansi-regex": {
      "version": "5.0.1",
      "resolved": "https://registry.npmjs.org/ansi-regex/-/ansi-regex-5.0.1.tgz",
      "integrity": "sha512-quJQXlTSUGL2LH9SUXo8VwsY4soanhgo6LNSm84E1LBcE8s3O0wpdiRzyR9z/ZZJMlMWv37qOOb9pdJlMUEKFQ==",
      "dev": true,
      "license": "MIT",
      "engines": {
        "node": ">=8"
      }
    },
    "node_modules/wrap-ansi-cjs/node_modules/ansi-styles": {
      "version": "4.3.0",
      "resolved": "https://registry.npmjs.org/ansi-styles/-/ansi-styles-4.3.0.tgz",
      "integrity": "sha512-zbB9rCJAT1rbjiVDb2hqKFHNYLxgtk8NURxZ3IZwD3F6NtxbXZQCnnSi1Lkx+IDohdPlFp222wVALIheZJQSEg==",
      "dev": true,
      "license": "MIT",
      "dependencies": {
        "color-convert": "^2.0.1"
      },
      "engines": {
        "node": ">=8"
      },
      "funding": {
        "url": "https://github.com/chalk/ansi-styles?sponsor=1"
      }
    },
    "node_modules/wrap-ansi-cjs/node_modules/emoji-regex": {
      "version": "8.0.0",
      "resolved": "https://registry.npmjs.org/emoji-regex/-/emoji-regex-8.0.0.tgz",
      "integrity": "sha512-MSjYzcWNOA0ewAHpz0MxpYFvwg6yjy1NG3xteoqz644VCo/RPgnr1/GGt+ic3iJTzQ8Eu3TdM14SawnVUmGE6A==",
      "dev": true,
      "license": "MIT"
    },
    "node_modules/wrap-ansi-cjs/node_modules/string-width": {
      "version": "4.2.3",
      "resolved": "https://registry.npmjs.org/string-width/-/string-width-4.2.3.tgz",
      "integrity": "sha512-wKyQRQpjJ0sIp62ErSZdGsjMJWsap5oRNihHhu6G7JVO/9jIB6UyevL+tXuOqrng8j/cxKTWyWUwvSTriiZz/g==",
      "dev": true,
      "license": "MIT",
      "dependencies": {
        "emoji-regex": "^8.0.0",
        "is-fullwidth-code-point": "^3.0.0",
        "strip-ansi": "^6.0.1"
      },
      "engines": {
        "node": ">=8"
      }
    },
    "node_modules/wrap-ansi-cjs/node_modules/strip-ansi": {
      "version": "6.0.1",
      "resolved": "https://registry.npmjs.org/strip-ansi/-/strip-ansi-6.0.1.tgz",
      "integrity": "sha512-Y38VPSHcqkFrCpFnQ9vuSXmquuv5oXOKpGeT6aGrr3o3Gc9AlVa6JBfUSOCnbxGGZF+/0ooI7KrPuUSztUdU5A==",
      "dev": true,
      "license": "MIT",
      "dependencies": {
        "ansi-regex": "^5.0.1"
      },
      "engines": {
        "node": ">=8"
      }
    }
  }
}
