{
  "name": "app",
  "lockfileVersion": 3,
  "requires": true,
  "packages": {
    "": {
      "name": "app",
      "dependencies": {
        "@rails/request.js": "^0.0.12",
        "react": "^19.1.0",
        "react-dom": "^19.1.0"
      },
      "devDependencies": {
        "@biomejs/biome": "^2.0.6",
        "@types/bun": "^1.2.17",
        "@types/react": "^19.1.8",
        "@types/react-dom": "^19.1.6",
        "typescript": "^5.8.3"
      }
    },
    "node_modules/@biomejs/biome": {
      "version": "2.0.6",
      "resolved": "https://registry.npmjs.org/@biomejs/biome/-/biome-2.0.6.tgz",
      "integrity": "sha512-RRP+9cdh5qwe2t0gORwXaa27oTOiQRQvrFf49x2PA1tnpsyU7FIHX4ZOFMtBC4QNtyWsN7Dqkf5EDbg4X+9iqA==",
      "dev": true,
      "license": "MIT OR Apache-2.0",
      "bin": {
        "biome": "bin/biome"
      },
      "engines": {
        "node": ">=14.21.3"
      },
      "funding": {
        "type": "opencollective",
        "url": "https://opencollective.com/biome"
      },
      "optionalDependencies": {
        "@biomejs/cli-darwin-arm64": "2.0.6",
        "@biomejs/cli-darwin-x64": "2.0.6",
        "@biomejs/cli-linux-arm64": "2.0.6",
        "@biomejs/cli-linux-arm64-musl": "2.0.6",
        "@biomejs/cli-linux-x64": "2.0.6",
        "@biomejs/cli-linux-x64-musl": "2.0.6",
        "@biomejs/cli-win32-arm64": "2.0.6",
        "@biomejs/cli-win32-x64": "2.0.6"
      }
    },
    "node_modules/@biomejs/cli-darwin-arm64": {
      "version": "2.0.6",
      "resolved": "https://registry.npmjs.org/@biomejs/cli-darwin-arm64/-/cli-darwin-arm64-2.0.6.tgz",
      "integrity": "sha512-AzdiNNjNzsE6LfqWyBvcL29uWoIuZUkndu+wwlXW13EKcBHbbKjNQEZIJKYDc6IL+p7bmWGx3v9ZtcRyIoIz5A==",
      "cpu": [
        "arm64"
      ],
      "dev": true,
      "license": "MIT OR Apache-2.0",
      "optional": true,
      "os": [
        "darwin"
      ],
      "engines": {
        "node": ">=14.21.3"
      }
    },
    "node_modules/@biomejs/cli-darwin-x64": {
      "version": "2.0.6",
      "resolved": "https://registry.npmjs.org/@biomejs/cli-darwin-x64/-/cli-darwin-x64-2.0.6.tgz",
      "integrity": "sha512-wJjjP4E7bO4WJmiQaLnsdXMa516dbtC6542qeRkyJg0MqMXP0fvs4gdsHhZ7p9XWTAmGIjZHFKXdsjBvKGIJJQ==",
      "cpu": [
        "x64"
      ],
      "dev": true,
      "license": "MIT OR Apache-2.0",
      "optional": true,
      "os": [
        "darwin"
      ],
      "engines": {
        "node": ">=14.21.3"
      }
    },
    "node_modules/@biomejs/cli-linux-arm64": {
      "version": "2.0.6",
      "resolved": "https://registry.npmjs.org/@biomejs/cli-linux-arm64/-/cli-linux-arm64-2.0.6.tgz",
      "integrity": "sha512-ZSVf6TYo5rNMUHIW1tww+rs/krol7U5A1Is/yzWyHVZguuB0lBnIodqyFuwCNqG9aJGyk7xIMS8HG0qGUPz0SA==",
      "cpu": [
        "arm64"
      ],
      "dev": true,
      "license": "MIT OR Apache-2.0",
      "optional": true,
      "os": [
        "linux"
      ],
      "engines": {
        "node": ">=14.21.3"
      }
    },
    "node_modules/@biomejs/cli-linux-arm64-musl": {
      "version": "2.0.6",
      "resolved": "https://registry.npmjs.org/@biomejs/cli-linux-arm64-musl/-/cli-linux-arm64-musl-2.0.6.tgz",
      "integrity": "sha512-CVPEMlin3bW49sBqLBg2x016Pws7eUXA27XYDFlEtponD0luYjg2zQaMJ2nOqlkKG9fqzzkamdYxHdMDc2gZFw==",
      "cpu": [
        "arm64"
      ],
      "dev": true,
      "license": "MIT OR Apache-2.0",
      "optional": true,
      "os": [
        "linux"
      ],
      "engines": {
        "node": ">=14.21.3"
      }
    },
    "node_modules/@biomejs/cli-linux-x64": {
      "version": "2.0.6",
      "resolved": "https://registry.npmjs.org/@biomejs/cli-linux-x64/-/cli-linux-x64-2.0.6.tgz",
      "integrity": "sha512-geM1MkHTV1Kh2Cs/Xzot9BOF3WBacihw6bkEmxkz4nSga8B9/hWy5BDiOG3gHDGIBa8WxT0nzsJs2f/hPqQIQw==",
      "cpu": [
        "x64"
      ],
      "dev": true,
      "license": "MIT OR Apache-2.0",
      "optional": true,
      "os": [
        "linux"
      ],
      "engines": {
        "node": ">=14.21.3"
      }
    },
    "node_modules/@biomejs/cli-linux-x64-musl": {
      "version": "2.0.6",
      "resolved": "https://registry.npmjs.org/@biomejs/cli-linux-x64-musl/-/cli-linux-x64-musl-2.0.6.tgz",
      "integrity": "sha512-mKHE/e954hR/hSnAcJSjkf4xGqZc/53Kh39HVW1EgO5iFi0JutTN07TSjEMg616julRtfSNJi0KNyxvc30Y4rQ==",
      "cpu": [
        "x64"
      ],
      "dev": true,
      "license": "MIT OR Apache-2.0",
      "optional": true,
      "os": [
        "linux"
      ],
      "engines": {
        "node": ">=14.21.3"
      }
    },
    "node_modules/@biomejs/cli-win32-arm64": {
      "version": "2.0.6",
      "resolved": "https://registry.npmjs.org/@biomejs/cli-win32-arm64/-/cli-win32-arm64-2.0.6.tgz",
      "integrity": "sha512-290V4oSFoKaprKE1zkYVsDfAdn0An5DowZ+GIABgjoq1ndhvNxkJcpxPsiYtT7slbVe3xmlT0ncdfOsN7KruzA==",
      "cpu": [
        "arm64"
      ],
      "dev": true,
      "license": "MIT OR Apache-2.0",
      "optional": true,
      "os": [
        "win32"
      ],
      "engines": {
        "node": ">=14.21.3"
      }
    },
    "node_modules/@biomejs/cli-win32-x64": {
      "version": "2.0.6",
      "resolved": "https://registry.npmjs.org/@biomejs/cli-win32-x64/-/cli-win32-x64-2.0.6.tgz",
      "integrity": "sha512-bfM1Bce0d69Ao7pjTjUS+AWSZ02+5UHdiAP85Th8e9yV5xzw6JrHXbL5YWlcEKQ84FIZMdDc7ncuti1wd2sdbw==",
      "cpu": [
        "x64"
      ],
      "dev": true,
      "license": "MIT OR Apache-2.0",
      "optional": true,
      "os": [
        "win32"
      ],
      "engines": {
        "node": ">=14.21.3"
      }
    },
    "node_modules/@rails/request.js": {
      "version": "0.0.12",
      "resolved": "https://registry.npmjs.org/@rails/request.js/-/request.js-0.0.12.tgz",
      "integrity": "sha512-g3//JBja1s04Zflj7IoMLQuXza9i4ZvtLmm0r0dMwh1QQUs6rL2iKUOGGyERfLsd81SnXC5ucfVV//rtsDlEEA==",
      "license": "MIT"
    },
    "node_modules/@types/bun": {
      "version": "1.2.17",
      "resolved": "https://registry.npmjs.org/@types/bun/-/bun-1.2.17.tgz",
      "integrity": "sha512-l/BYs/JYt+cXA/0+wUhulYJB6a6p//GTPiJ7nV+QHa8iiId4HZmnu/3J/SowP5g0rTiERY2kfGKXEK5Ehltx4Q==",
      "dev": true,
      "license": "MIT",
      "dependencies": {
        "bun-types": "1.2.17"
      }
    },
    "node_modules/@types/node": {
      "version": "24.0.4",
      "resolved": "https://registry.npmjs.org/@types/node/-/node-24.0.4.tgz",
      "integrity": "sha512-ulyqAkrhnuNq9pB76DRBTkcS6YsmDALy6Ua63V8OhrOBgbcYt6IOdzpw5P1+dyRIyMerzLkeYWBeOXPpA9GMAA==",
      "dev": true,
      "license": "MIT",
      "dependencies": {
        "undici-types": "~7.8.0"
      }
    },
    "node_modules/@types/react": {
      "version": "19.1.8",
      "resolved": "https://registry.npmjs.org/@types/react/-/react-19.1.8.tgz",
      "integrity": "sha512-AwAfQ2Wa5bCx9WP8nZL2uMZWod7J7/JSplxbTmBQ5ms6QpqNYm672H0Vu9ZVKVngQ+ii4R/byguVEUZQyeg44g==",
      "dev": true,
      "license": "MIT",
      "dependencies": {
        "csstype": "^3.0.2"
      }
    },
    "node_modules/@types/react-dom": {
      "version": "19.1.6",
      "resolved": "https://registry.npmjs.org/@types/react-dom/-/react-dom-19.1.6.tgz",
      "integrity": "sha512-4hOiT/dwO8Ko0gV1m/TJZYk3y0KBnY9vzDh7W+DH17b2HFSOGgdj33dhihPeuy3l0q23+4e+hoXHV6hCC4dCXw==",
      "dev": true,
      "license": "MIT",
      "peerDependencies": {
        "@types/react": "^19.0.0"
      }
    },
    "node_modules/bun-types": {
      "version": "1.2.17",
      "resolved": "https://registry.npmjs.org/bun-types/-/bun-types-1.2.17.tgz",
      "integrity": "sha512-ElC7ItwT3SCQwYZDYoAH+q6KT4Fxjl8DtZ6qDulUFBmXA8YB4xo+l54J9ZJN+k2pphfn9vk7kfubeSd5QfTVJQ==",
      "dev": true,
      "license": "MIT",
      "dependencies": {
        "@types/node": "*"
      }
    },
    "node_modules/csstype": {
      "version": "3.1.3",
      "resolved": "https://registry.npmjs.org/csstype/-/csstype-3.1.3.tgz",
      "integrity": "sha512-M1uQkMl8rQK/szD0LNhtqxIPLpimGm8sOBwU7lLnCpSbTyY3yeU1Vc7l4KT5zT4s/yOxHH5O7tIuuLOCnLADRw==",
      "dev": true,
      "license": "MIT"
    },
    "node_modules/react": {
      "version": "19.1.0",
      "resolved": "https://registry.npmjs.org/react/-/react-19.1.0.tgz",
      "integrity": "sha512-FS+XFBNvn3GTAWq26joslQgWNoFu08F4kl0J4CgdNKADkdSGXQyTCnKteIAJy96Br6YbpEU1LSzV5dYtjMkMDg==",
      "license": "MIT",
      "engines": {
        "node": ">=0.10.0"
      }
    },
    "node_modules/react-dom": {
      "version": "19.1.0",
      "resolved": "https://registry.npmjs.org/react-dom/-/react-dom-19.1.0.tgz",
      "integrity": "sha512-Xs1hdnE+DyKgeHJeJznQmYMIBG3TKIHJJT95Q58nHLSrElKlGQqDTR2HQ9fx5CN/Gk6Vh/kupBTDLU11/nDk/g==",
      "license": "MIT",
      "dependencies": {
        "scheduler": "^0.26.0"
      },
      "peerDependencies": {
        "react": "^19.1.0"
      }
    },
    "node_modules/scheduler": {
      "version": "0.26.0",
      "resolved": "https://registry.npmjs.org/scheduler/-/scheduler-0.26.0.tgz",
      "integrity": "sha512-NlHwttCI/l5gCPR3D1nNXtWABUmBwvZpEQiD4IXSbIDq8BzLIK/7Ir5gTFSGZDUu37K5cMNp0hFtzO38sC7gWA==",
      "license": "MIT"
    },
    "node_modules/typescript": {
      "version": "5.8.3",
      "resolved": "https://registry.npmjs.org/typescript/-/typescript-5.8.3.tgz",
      "integrity": "sha512-p1diW6TqL9L07nNxvRMM7hMMw4c5XOo/1ibL4aAIGmSAt9slTE1Xgw5KWuof2uTOvCg9BY7ZRi+GaF+7sfgPeQ==",
      "dev": true,
      "license": "Apache-2.0",
      "bin": {
        "tsc": "bin/tsc",
        "tsserver": "bin/tsserver"
      },
      "engines": {
        "node": ">=14.17"
      }
    },
    "node_modules/undici-types": {
      "version": "7.8.0",
      "resolved": "https://registry.npmjs.org/undici-types/-/undici-types-7.8.0.tgz",
      "integrity": "sha512-9UJ2xGDvQ43tYyVMpuHlsgApydB8ZKfVYTsLDhXkFL/6gfkp+U8xTGdh8pMJv1SpZna0zxG1DwsKZsreLbXBxw==",
      "dev": true,
      "license": "MIT"
    }
  }
}
