lockfileVersion: '9.0'

settings:
  autoInstallPeers: true
  excludeLinksFromLockfile: false

importers:

  .:
    devDependencies:
      '@biomejs/biome':
        specifier: ^2.4.0
        version: 2.4.0
      oxfmt:
        specifier: ^0.26.0
        version: 0.26.0
      oxlint-tsgolint:
        specifier: ^0.11.5
        version: 0.11.5

packages:

  '@biomejs/biome@2.4.0':
    resolution: {integrity: sha512-iluT61cORUDIC5i/y42ljyQraCemmmcgbMLLCnYO+yh+2hjTmcMFcwY8G0zTzWCsPb3t3AyKc+0t/VuhPZULUg==}
    engines: {node: '>=14.21.3'}
    hasBin: true

  '@biomejs/cli-darwin-arm64@2.4.0':
    resolution: {integrity: sha512-L+YpOtPSuU0etomfvFTPWRsa7+8ejaJL3yaROEoT/96HDJbR6OsvZQk0C8JUYou+XFdP+JcGxqZknkp4n934RA==}
    engines: {node: '>=14.21.3'}
    cpu: [arm64]
    os: [darwin]

  '@biomejs/cli-darwin-x64@2.4.0':
    resolution: {integrity: sha512-Aq+S7ffpb5ynTyLgtnEjG+W6xuTd2F7FdC7J6ShpvRhZwJhjzwITGF9vrqoOnw0sv1XWkt2Q1Rpg+hleg/Xg7Q==}
    engines: {node: '>=14.21.3'}
    cpu: [x64]
    os: [darwin]

  '@biomejs/cli-linux-arm64-musl@2.4.0':
    resolution: {integrity: sha512-1rhDUq8sf7xX3tg7vbnU3WVfanKCKi40OXc4VleBMzRStmQHdeBY46aFP6VdwEomcVjyNiu+Zcr3LZtAdrZrjQ==}
    engines: {node: '>=14.21.3'}
    cpu: [arm64]
    os: [linux]

  '@biomejs/cli-linux-arm64@2.4.0':
    resolution: {integrity: sha512-u2p54IhvNAWB+h7+rxCZe3reNfQYFK+ppDw+q0yegrGclFYnDPZAntv/PqgUacpC3uxTeuWFgWW7RFe3lHuxOA==}
    engines: {node: '>=14.21.3'}
    cpu: [arm64]
    os: [linux]

  '@biomejs/cli-linux-x64-musl@2.4.0':
    resolution: {integrity: sha512-Omo0xhl63z47X+CrE5viEWKJhejJyndl577VoXg763U/aoATrK3r5+8DPh02GokWPeODX1Hek00OtjjooGan9w==}
    engines: {node: '>=14.21.3'}
    cpu: [x64]
    os: [linux]

  '@biomejs/cli-linux-x64@2.4.0':
    resolution: {integrity: sha512-WVFOhsnzhrbMGOSIcB9yFdRV2oG2KkRRhIZiunI9gJqSU3ax9ErdnTxRfJUxZUI9NbzVxC60OCXNcu+mXfF/Tw==}
    engines: {node: '>=14.21.3'}
    cpu: [x64]
    os: [linux]

  '@biomejs/cli-win32-arm64@2.4.0':
    resolution: {integrity: sha512-aqRwW0LJLV1v1NzyLvLWQhdLmDSAV1vUh+OBdYJaa8f28XBn5BZavo+WTfqgEzALZxlNfBmu6NGO6Al3MbCULw==}
    engines: {node: '>=14.21.3'}
    cpu: [arm64]
    os: [win32]

  '@biomejs/cli-win32-x64@2.4.0':
    resolution: {integrity: sha512-g47s+V+OqsGxbSZN3lpav6WYOk0PIc3aCBAq+p6dwSynL3K5MA6Cg6nkzDOlu28GEHwbakW+BllzHCJCxnfK5Q==}
    engines: {node: '>=14.21.3'}
    cpu: [x64]
    os: [win32]

  '@oxfmt/darwin-arm64@0.26.0':
    resolution: {integrity: sha512-AAGc+8CffkiWeVgtWf4dPfQwHEE5c/j/8NWH7VGVxxJRCZFdmWcqCXprvL2H6qZFewvDLrFbuSPRCqYCpYGaTQ==}
    cpu: [arm64]
    os: [darwin]

  '@oxfmt/darwin-x64@0.26.0':
    resolution: {integrity: sha512-xFx5ijCTjw577wJvFlZEMmKDnp3HSCcbYdCsLRmC5i3TZZiDe9DEYh3P46uqhzj8BkEw1Vm1ZCWdl48aEYAzvQ==}
    cpu: [x64]
    os: [darwin]

  '@oxfmt/linux-arm64-gnu@0.26.0':
    resolution: {integrity: sha512-GubkQeQT5d3B/Jx/IiR7NMkSmXrCZcVI0BPh1i7mpFi8HgD1hQ/LbhiBKAMsMqs5bbugdQOgBEl8bOhe8JhW1g==}
    cpu: [arm64]
    os: [linux]

  '@oxfmt/linux-arm64-musl@0.26.0':
    resolution: {integrity: sha512-OEypUwK69bFPj+aa3/LYCnlIUPgoOLu//WNcriwpnWNmt47808Ht7RJSg+MNK8a7pSZHpXJ5/E6CRK/OTwFdaQ==}
    cpu: [arm64]
    os: [linux]

  '@oxfmt/linux-x64-gnu@0.26.0':
    resolution: {integrity: sha512-xO6iEW2bC6ZHyOTPmPWrg/nM6xgzyRPaS84rATy6F8d79wz69LdRdJ3l/PXlkqhi7XoxhvX4ExysA0Nf10ZZEQ==}
    cpu: [x64]
    os: [linux]

  '@oxfmt/linux-x64-musl@0.26.0':
    resolution: {integrity: sha512-Z3KuZFC+MIuAyFCXBHY71kCsdRq1ulbsbzTe71v+hrEv7zVBn6yzql+/AZcgfIaKzWO9OXNuz5WWLWDmVALwow==}
    cpu: [x64]
    os: [linux]

  '@oxfmt/win32-arm64@0.26.0':
    resolution: {integrity: sha512-3zRbqwVWK1mDhRhTknlQFpRFL9GhEB5GfU6U7wawnuEwpvi39q91kJ+SRJvJnhyPCARkjZBd1V8XnweN5IFd1g==}
    cpu: [arm64]
    os: [win32]

  '@oxfmt/win32-x64@0.26.0':
    resolution: {integrity: sha512-m8TfIljU22i9UEIkD+slGPifTFeaCwIUfxszN3E6ABWP1KQbtwSw9Ak0TdoikibvukF/dtbeyG3WW63jv9DnEg==}
    cpu: [x64]
    os: [win32]

  '@oxlint-tsgolint/darwin-arm64@0.11.5':
    resolution: {integrity: sha512-mzsjJVIUgcGJovBXME63VW2Uau7MS/xCe7xdYj2BplSCuRb5Yoy7WuwCIlbD5ISHjnS6rx26oD2kmzHLRV5Wfw==}
    cpu: [arm64]
    os: [darwin]

  '@oxlint-tsgolint/darwin-x64@0.11.5':
    resolution: {integrity: sha512-zItUS0qLzSzVy0ZQHc4MOphA9lVeP5jffsgZFLCdo+JqmkbVZ14aDtiVUHSHi2hia+qatbb109CHQ9YIl0x7+A==}
    cpu: [x64]
    os: [darwin]

  '@oxlint-tsgolint/linux-arm64@0.11.5':
    resolution: {integrity: sha512-R0r/3QTdMtIjfUOM1oxIaCV0s+j7xrnUe4CXo10ZbBzlXfMesWYNcf/oCrhsy87w0kCPFsg58nAdKaIR8xylFg==}
    cpu: [arm64]
    os: [linux]

  '@oxlint-tsgolint/linux-x64@0.11.5':
    resolution: {integrity: sha512-g23J3T29EHWUQYC6aTwLnhwcFtjQh+VfxyGuFjYGGTLhESdlQH9E/pwsN8K9HaAiYWjI51m3r3BqQjXxEW8Jjg==}
    cpu: [x64]
    os: [linux]

  '@oxlint-tsgolint/win32-arm64@0.11.5':
    resolution: {integrity: sha512-MJNT/MPUIZKQCRtCX5s6pCnoe7If/i3RjJzFMe4kSLomRsHrNFYOJBwt4+w/Hqfyg9jNOgR8tbgdx6ofjHaPMQ==}
    cpu: [arm64]
    os: [win32]

  '@oxlint-tsgolint/win32-x64@0.11.5':
    resolution: {integrity: sha512-IQmj4EkcZOBlLnj1CdxKFrWT7NAWXZ9ypZ874X/w7S5gRzB2sO4KmE6Z0MWxx05pL9AQF+CWVRjZrKVIYWTzPg==}
    cpu: [x64]
    os: [win32]

  oxfmt@0.26.0:
    resolution: {integrity: sha512-UDD1wFNwfeorMm2ZY0xy1KRAAvJ5NjKBfbDmiMwGP7baEHTq65cYpC0aPP+BGHc8weXUbSZaK8MdGyvuRUvS4Q==}
    engines: {node: ^20.19.0 || >=22.12.0}
    hasBin: true

  oxlint-tsgolint@0.11.5:
    resolution: {integrity: sha512-4uVv43EhkeMvlxDU1GUsR5P5c0q74rB/pQRhjGsTOnMIrDbg3TABTntRyeAkmXItqVEJTcDRv9+Yk+LFXkHKlg==}
    hasBin: true

  tinypool@2.0.0:
    resolution: {integrity: sha512-/RX9RzeH2xU5ADE7n2Ykvmi9ED3FBGPAjw9u3zucrNNaEBIO0HPSYgL0NT7+3p147ojeSdaVu08F6hjpv31HJg==}
    engines: {node: ^20.0.0 || >=22.0.0}

snapshots:

  '@biomejs/biome@2.4.0':
    optionalDependencies:
      '@biomejs/cli-darwin-arm64': 2.4.0
      '@biomejs/cli-darwin-x64': 2.4.0
      '@biomejs/cli-linux-arm64': 2.4.0
      '@biomejs/cli-linux-arm64-musl': 2.4.0
      '@biomejs/cli-linux-x64': 2.4.0
      '@biomejs/cli-linux-x64-musl': 2.4.0
      '@biomejs/cli-win32-arm64': 2.4.0
      '@biomejs/cli-win32-x64': 2.4.0

  '@biomejs/cli-darwin-arm64@2.4.0':
    optional: true

  '@biomejs/cli-darwin-x64@2.4.0':
    optional: true

  '@biomejs/cli-linux-arm64-musl@2.4.0':
    optional: true

  '@biomejs/cli-linux-arm64@2.4.0':
    optional: true

  '@biomejs/cli-linux-x64-musl@2.4.0':
    optional: true

  '@biomejs/cli-linux-x64@2.4.0':
    optional: true

  '@biomejs/cli-win32-arm64@2.4.0':
    optional: true

  '@biomejs/cli-win32-x64@2.4.0':
    optional: true

  '@oxfmt/darwin-arm64@0.26.0':
    optional: true

  '@oxfmt/darwin-x64@0.26.0':
    optional: true

  '@oxfmt/linux-arm64-gnu@0.26.0':
    optional: true

  '@oxfmt/linux-arm64-musl@0.26.0':
    optional: true

  '@oxfmt/linux-x64-gnu@0.26.0':
    optional: true

  '@oxfmt/linux-x64-musl@0.26.0':
    optional: true

  '@oxfmt/win32-arm64@0.26.0':
    optional: true

  '@oxfmt/win32-x64@0.26.0':
    optional: true

  '@oxlint-tsgolint/darwin-arm64@0.11.5':
    optional: true

  '@oxlint-tsgolint/darwin-x64@0.11.5':
    optional: true

  '@oxlint-tsgolint/linux-arm64@0.11.5':
    optional: true

  '@oxlint-tsgolint/linux-x64@0.11.5':
    optional: true

  '@oxlint-tsgolint/win32-arm64@0.11.5':
    optional: true

  '@oxlint-tsgolint/win32-x64@0.11.5':
    optional: true

  oxfmt@0.26.0:
    dependencies:
      tinypool: 2.0.0
    optionalDependencies:
      '@oxfmt/darwin-arm64': 0.26.0
      '@oxfmt/darwin-x64': 0.26.0
      '@oxfmt/linux-arm64-gnu': 0.26.0
      '@oxfmt/linux-arm64-musl': 0.26.0
      '@oxfmt/linux-x64-gnu': 0.26.0
      '@oxfmt/linux-x64-musl': 0.26.0
      '@oxfmt/win32-arm64': 0.26.0
      '@oxfmt/win32-x64': 0.26.0

  oxlint-tsgolint@0.11.5:
    optionalDependencies:
      '@oxlint-tsgolint/darwin-arm64': 0.11.5
      '@oxlint-tsgolint/darwin-x64': 0.11.5
      '@oxlint-tsgolint/linux-arm64': 0.11.5
      '@oxlint-tsgolint/linux-x64': 0.11.5
      '@oxlint-tsgolint/win32-arm64': 0.11.5
      '@oxlint-tsgolint/win32-x64': 0.11.5

  tinypool@2.0.0: {}
